Microsoft Visual Studio Solution File, Format Version 12.00
# Visual Studio Version 17
VisualStudioVersion = 17.0.31903.59
MinimumVisualStudioVersion = 10.0.40219.1
Project("{2150E333-8FDC-42A3-9474-1A3956D46DE8}") = "Core", "Core", "{D0A3F2FC-664B-4A9D-ACF9-F00EF8E9DFE1}"
	ProjectSection(SolutionItems) = preProject
		source\Core\README.md = source\Core\README.md
	EndProjectSection
EndProject
Project("{9A19103F-16F7-4668-BE54-9A1E7A4F7556}") = "CreativeCoders.Core", "source\Core\CreativeCoders.Core\CreativeCoders.Core.csproj", "{606AB477-7D63-48EB-814C-46DFE03CB6DE}"
EndProject
Project("{2150E333-8FDC-42A3-9474-1A3956D46DE8}") = "Data", "Data", "{D913C0D3-85B9-4E89-82D6-8371FB6C99E7}"
EndProject
Project("{9A19103F-16F7-4668-BE54-9A1E7A4F7556}") = "CreativeCoders.Data", "source\Data\CreativeCoders.Data\CreativeCoders.Data.csproj", "{09FCE791-BA8C-4E6A-9B40-673AA095BA63}"
EndProject
Project("{2150E333-8FDC-42A3-9474-1A3956D46DE8}") = "CodeCompilation", "CodeCompilation", "{725C6F3A-7BD1-45CB-BFB1-61205DF77A57}"
EndProject
Project("{9A19103F-16F7-4668-BE54-9A1E7A4F7556}") = "CreativeCoders.CodeCompilation", "source\CodeCompilation\CreativeCoders.CodeCompilation\CreativeCoders.CodeCompilation.csproj", "{CDFDCA4A-A0D4-442D-AF94-5FEC0A8DA426}"
EndProject
Project("{9A19103F-16F7-4668-BE54-9A1E7A4F7556}") = "CreativeCoders.CodeCompilation.Roslyn", "source\CodeCompilation\CreativeCoders.CodeCompilation.Roslyn\CreativeCoders.CodeCompilation.Roslyn.csproj", "{B4F3B9F5-8B67-4970-B47C-28800245EBC2}"
EndProject
Project("{2150E333-8FDC-42A3-9474-1A3956D46DE8}") = "Scripting", "Scripting", "{5E8DD138-4501-40C4-9D54-9B68C1B580D3}"
EndProject
Project("{9A19103F-16F7-4668-BE54-9A1E7A4F7556}") = "CreativeCoders.Data.EfCore", "source\Data\CreativeCoders.Data.EfCore\CreativeCoders.Data.EfCore.csproj", "{EB431027-75E0-4FAE-A52E-74E3692D3C3C}"
EndProject
Project("{9A19103F-16F7-4668-BE54-9A1E7A4F7556}") = "CreativeCoders.Data.Nhibernate", "source\Data\CreativeCoders.Data.Nhibernate\CreativeCoders.Data.Nhibernate.csproj", "{6D44FA39-9E85-4A23-B627-AA4223F9DB8B}"
EndProject
Project("{2150E333-8FDC-42A3-9474-1A3956D46DE8}") = "UnitTests", "UnitTests", "{9A3F55B8-E867-4EA2-B1FA-0C01DE79463E}"
EndProject
Project("{2150E333-8FDC-42A3-9474-1A3956D46DE8}") = "Net", "Net", "{354E69EA-9EA1-4F7E-A3C2-372DFB259C35}"
EndProject
Project("{9A19103F-16F7-4668-BE54-9A1E7A4F7556}") = "CreativeCoders.Net", "source\Net\CreativeCoders.Net\CreativeCoders.Net.csproj", "{78108EE7-4A12-4F93-B01E-DF893B4ECC3B}"
EndProject
Project("{9A19103F-16F7-4668-BE54-9A1E7A4F7556}") = "CreativeCoders.Net.Avm", "source\Net\CreativeCoders.Net.Avm\CreativeCoders.Net.Avm.csproj", "{6DC31DC0-6CA9-434D-B0E9-A7530243CFA7}"
EndProject
Project("{2150E333-8FDC-42A3-9474-1A3956D46DE8}") = "Daemon", "Daemon", "{99FFD9AA-7AEB-4A9D-881D-00B7277C3494}"
EndProject
Project("{2150E333-8FDC-42A3-9474-1A3956D46DE8}") = "Reactive", "Reactive", "{C0BB093E-AFAC-4757-8D91-5A1556FF8E71}"
EndProject
Project("{9A19103F-16F7-4668-BE54-9A1E7A4F7556}") = "CreativeCoders.Reactive.Messaging", "source\Reactive\CreativeCoders.Reactive.Messaging\CreativeCoders.Reactive.Messaging.csproj", "{C7F8E3EB-898A-4524-A758-6FEE281DFB9B}"
EndProject
Project("{2150E333-8FDC-42A3-9474-1A3956D46DE8}") = "Config", "Config", "{E20A8191-0AAB-41B3-9099-5F8F5D6648DB}"
EndProject
Project("{9A19103F-16F7-4668-BE54-9A1E7A4F7556}") = "CreativeCoders.Config.Base", "source\Config\CreativeCoders.Config.Base\CreativeCoders.Config.Base.csproj", "{D2AE77DF-C207-47B3-ACE6-3E975A5AF40B}"
EndProject
Project("{9A19103F-16F7-4668-BE54-9A1E7A4F7556}") = "CreativeCoders.Config", "source\Config\CreativeCoders.Config\CreativeCoders.Config.csproj", "{AF351D4F-8E2A-480E-B26F-920D603C20A3}"
EndProject
Project("{9A19103F-16F7-4668-BE54-9A1E7A4F7556}") = "CreativeCoders.Config.Sources", "source\Config\CreativeCoders.Config.Sources\CreativeCoders.Config.Sources.csproj", "{30EF6792-1BFB-4525-BE76-C30A740D3B0B}"
EndProject
Project("{2150E333-8FDC-42A3-9474-1A3956D46DE8}") = "AspNetCore", "AspNetCore", "{B485D7EE-B71A-41DE-9518-60F9B7FA8AE4}"
EndProject
Project("{2150E333-8FDC-42A3-9474-1A3956D46DE8}") = "DynamicCode", "DynamicCode", "{B2DCBCA8-4CC4-4286-ABF3-C88CFBBA500B}"
EndProject
Project("{9A19103F-16F7-4668-BE54-9A1E7A4F7556}") = "CreativeCoders.DynamicCode.Proxying", "source\DynamicCode\CreativeCoders.DynamicCode.Proxying\CreativeCoders.DynamicCode.Proxying.csproj", "{A3A32F0D-2344-40FE-BF1F-EF3146BB6B14}"
EndProject
Project("{9A19103F-16F7-4668-BE54-9A1E7A4F7556}") = "CreativeCoders.Net.WebApi", "source\Net\CreativeCoders.Net.WebApi\CreativeCoders.Net.WebApi.csproj", "{63937BBB-9B68-4841-BD22-72C3C723953E}"
EndProject
Project("{9A19103F-16F7-4668-BE54-9A1E7A4F7556}") = "CreativeCoders.AspNetCore", "source\AspNetCore\CreativeCoders.AspNetCore\CreativeCoders.AspNetCore.csproj", "{AEF54AE0-F2A6-4EEE-9E69-D82E31AACB4C}"
EndProject
Project("{9A19103F-16F7-4668-BE54-9A1E7A4F7556}") = "CreativeCoders.Net.XmlRpc", "source\Net\CreativeCoders.Net.XmlRpc\CreativeCoders.Net.XmlRpc.csproj", "{44D2EC83-4BC6-4C69-88BF-924A3FCAA1F6}"
EndProject
Project("{9A19103F-16F7-4668-BE54-9A1E7A4F7556}") = "CreativeCoders.Net.Servers.Http.AspNetCore", "source\Net\CreativeCoders.Net.Servers.Http.AspNetCore\CreativeCoders.Net.Servers.Http.AspNetCore.csproj", "{B022D220-EEE7-4FBC-A7D5-FC00F16C1A36}"
EndProject
Project("{9A19103F-16F7-4668-BE54-9A1E7A4F7556}") = "CreativeCoders.Data.EfCore.SqlServer", "source\Data\CreativeCoders.Data.EfCore.SqlServer\CreativeCoders.Data.EfCore.SqlServer.csproj", "{C57A6AD0-A0AB-45F3-BC32-58E469CACC15}"
EndProject
Project("{9A19103F-16F7-4668-BE54-9A1E7A4F7556}") = "_build", "build\_build.csproj", "{02EB95BA-07BE-441F-ADC7-3363AC17814C}"
EndProject
Project("{2150E333-8FDC-42A3-9474-1A3956D46DE8}") = "_build", "_build", "{DB7A40EE-F469-4B87-A629-250BBB9ECC92}"
EndProject
Project("{2150E333-8FDC-42A3-9474-1A3956D46DE8}") = "NukeBuild", "NukeBuild", "{20FCFF4D-882F-4663-81F4-A146D17B62A0}"
EndProject
Project("{9A19103F-16F7-4668-BE54-9A1E7A4F7556}") = "CreativeCoders.NukeBuild", "source\NukeBuild\CreativeCoders.NukeBuild\CreativeCoders.NukeBuild.csproj", "{4687771E-6F0E-40C8-8C0A-DEDC20260604}"
EndProject
Project("{2150E333-8FDC-42A3-9474-1A3956D46DE8}") = "samples", "samples", "{72E179CA-7AE6-412A-856D-7BD13838E8E3}"
	ProjectSection(SolutionItems) = preProject
		samples\Directory.Build.props = samples\Directory.Build.props
	EndProjectSection
EndProject
Project("{9A19103F-16F7-4668-BE54-9A1E7A4F7556}") = "CreativeCoders.UnitTests", "source\UnitTests\CreativeCoders.UnitTests\CreativeCoders.UnitTests.csproj", "{A815C965-84FF-4880-800E-CCFEEF017A41}"
EndProject
Project("{2150E333-8FDC-42A3-9474-1A3956D46DE8}") = "__global", "__global", "{92288F2D-DE57-4018-855B-BD7F2344265F}"
	ProjectSection(SolutionItems) = preProject
		.editorconfig = .editorconfig
		.gitattributes = .gitattributes
		.gitignore = .gitignore
		LICENSE = LICENSE
		README.md = README.md
		GitVersion.yml = GitVersion.yml
		global.json = global.json
	EndProjectSection
EndProject
Project("{9A19103F-16F7-4668-BE54-9A1E7A4F7556}") = "XmlRpcSampleApp", "samples\XmlRpcSampleApp\XmlRpcSampleApp.csproj", "{61B4DBCC-2F85-4F8F-9DF9-E5A4EC17334B}"
EndProject
Project("{2150E333-8FDC-42A3-9474-1A3956D46DE8}") = "Messaging", "Messaging", "{7B596434-1314-49F9-B31C-F09D9CC288E0}"
EndProject
Project("{9A19103F-16F7-4668-BE54-9A1E7A4F7556}") = "CreativeCoders.Messaging.Core", "source\Messaging\CreativeCoders.Messaging.Core\CreativeCoders.Messaging.Core.csproj", "{F8FBA4A0-84A7-4502-A1A9-02C7F1464EA9}"
EndProject
Project("{9A19103F-16F7-4668-BE54-9A1E7A4F7556}") = "CreativeCoders.Messaging.DefaultMediator", "source\Messaging\CreativeCoders.Messaging.DefaultMediator\CreativeCoders.Messaging.DefaultMediator.csproj", "{8B8FA74D-FF25-42E0-9191-7C2E4112B714}"
EndProject
Project("{9A19103F-16F7-4668-BE54-9A1E7A4F7556}") = "MessagingSampleApp", "samples\MessagingSampleApp\MessagingSampleApp.csproj", "{9943E5E7-1FB9-4BF5-899A-034B008E13C8}"
EndProject
Project("{9A19103F-16F7-4668-BE54-9A1E7A4F7556}") = "CreativeCoders.Messaging.DefaultMessageQueue", "source\Messaging\CreativeCoders.Messaging.DefaultMessageQueue\CreativeCoders.Messaging.DefaultMessageQueue.csproj", "{BF7FE66B-6631-4530-A02E-90C8166F155B}"
EndProject
Project("{9A19103F-16F7-4668-BE54-9A1E7A4F7556}") = "NetSampleApp", "samples\NetSampleApp\NetSampleApp.csproj", "{BA8F9211-0427-4A3C-8F86-124B7CE4AECA}"
EndProject
Project("{9A19103F-16F7-4668-BE54-9A1E7A4F7556}") = "CreativeCoders.Scripting.Base", "source\Scripting\CreativeCoders.Scripting.Base\CreativeCoders.Scripting.Base.csproj", "{B025B02B-B0A0-4467-A3B2-786D32622DD3}"
EndProject
Project("{9A19103F-16F7-4668-BE54-9A1E7A4F7556}") = "CreativeCoders.Scripting.CSharp", "source\Scripting\CreativeCoders.Scripting.CSharp\CreativeCoders.Scripting.CSharp.csproj", "{7E7EBA16-07F8-4F04-A0E0-803F6222FF98}"
EndProject
Project("{9A19103F-16F7-4668-BE54-9A1E7A4F7556}") = "WindowsServiceDaemonSampleApp", "samples\WindowsServiceDaemonSampleApp\WindowsServiceDaemonSampleApp.csproj", "{B4AF92DA-D4F4-45AF-BC8D-C45DE6348BE5}"
EndProject
Project("{9A19103F-16F7-4668-BE54-9A1E7A4F7556}") = "BlazorWebAssemblySampleApp", "samples\BlazorWebAssemblySampleApp\BlazorWebAssemblySampleApp.csproj", "{AA55240A-F447-43F8-9E0E-1B2D29C2C918}"
EndProject
Project("{9A19103F-16F7-4668-BE54-9A1E7A4F7556}") = "CreativeCoders.AspNetCore.Blazor", "source\AspNetCore\CreativeCoders.AspNetCore.Blazor\CreativeCoders.AspNetCore.Blazor.csproj", "{3D6B25D4-1358-4043-9B94-0E9EB27DF9C5}"
EndProject
Project("{9A19103F-16F7-4668-BE54-9A1E7A4F7556}") = "WebApiSampleApp", "samples\WebApiSampleApp\WebApiSampleApp.csproj", "{2B60142B-B9D6-4843-A8DB-DF148B2B5670}"
EndProject
Project("{2150E333-8FDC-42A3-9474-1A3956D46DE8}") = "Localization", "Localization", "{036E33EC-60A3-4C06-95DB-F98FFB7B2A46}"
EndProject
Project("{9A19103F-16F7-4668-BE54-9A1E7A4F7556}") = "CreativeCoders.Localization", "source\Localization\CreativeCoders.Localization\CreativeCoders.Localization.csproj", "{007E2B41-126E-4E9F-8FF5-5766B39BFFE9}"
EndProject
Project("{2150E333-8FDC-42A3-9474-1A3956D46DE8}") = "source", "source", "{2A7105AA-05B6-469A-93F5-719723A4D90D}"
	ProjectSection(SolutionItems) = preProject
		source\Directory.Build.props = source\Directory.Build.props
	EndProjectSection
EndProject
Project("{2150E333-8FDC-42A3-9474-1A3956D46DE8}") = "SysConsole", "SysConsole", "{746BF851-4217-4CF8-835E-45257D95CDCB}"
EndProject
Project("{9A19103F-16F7-4668-BE54-9A1E7A4F7556}") = "CreativeCoders.SysConsole.Core", "source\SysConsole\CreativeCoders.SysConsole.Core\CreativeCoders.SysConsole.Core.csproj", "{CEEF8F31-BA53-41E8-969F-7816C1D807C5}"
EndProject
Project("{9A19103F-16F7-4668-BE54-9A1E7A4F7556}") = "CreativeCoders.SysConsole.App", "source\SysConsole\CreativeCoders.SysConsole.App\CreativeCoders.SysConsole.App.csproj", "{3E67511E-8554-4ADE-8C5F-5322C61197F9}"
EndProject
Project("{9A19103F-16F7-4668-BE54-9A1E7A4F7556}") = "CreativeCoders.SysConsole.CliArguments", "source\SysConsole\CreativeCoders.SysConsole.CliArguments\CreativeCoders.SysConsole.CliArguments.csproj", "{41795D90-8921-49AF-AF0D-CF4191F6D098}"
EndProject
Project("{9A19103F-16F7-4668-BE54-9A1E7A4F7556}") = "CreativeCoders.SysConsole.Cli.Actions", "source\SysConsole\CreativeCoders.SysConsole.Cli.Actions\CreativeCoders.SysConsole.Cli.Actions.csproj", "{9293B5B8-C4AD-4124-8962-79202417148E}"
EndProject
Project("{9A19103F-16F7-4668-BE54-9A1E7A4F7556}") = "CreativeCoders.SysConsole.Cli.Parsing", "source\SysConsole\CreativeCoders.SysConsole.Cli.Parsing\CreativeCoders.SysConsole.Cli.Parsing.csproj", "{F67BD1DC-64E3-4558-979C-4A202EFF49A1}"
EndProject
Project("{2150E333-8FDC-42A3-9474-1A3956D46DE8}") = "DependencyInjection", "DependencyInjection", "{81853248-5F89-40DA-914B-E91E292A6D3F}"
EndProject
Project("{9A19103F-16F7-4668-BE54-9A1E7A4F7556}") = "CreativeCoders.DependencyInjection", "source\DependencyInjection\CreativeCoders.DependencyInjection\CreativeCoders.DependencyInjection.csproj", "{4937AED7-4F7A-4B5A-A36B-298FD4D03E63}"
EndProject
Project("{FAE04EC0-301F-11D3-BF4B-00C04F79EFBC}") = "CreativeCoders.Daemon", "source\Daemon\CreativeCoders.Daemon\CreativeCoders.Daemon.csproj", "{3D078D4E-0437-4AD1-90DE-1FD858DA595B}"
EndProject
Project("{FAE04EC0-301F-11D3-BF4B-00C04F79EFBC}") = "CreativeCoders.Daemon.Linux", "source\Daemon\CreativeCoders.Daemon.Linux\CreativeCoders.Daemon.Linux.csproj", "{74B31A58-28CB-4B90-B2A4-C64F339FC93D}"
EndProject
Project("{FAE04EC0-301F-11D3-BF4B-00C04F79EFBC}") = "CreativeCoders.Daemon.Windows", "source\Daemon\CreativeCoders.Daemon.Windows\CreativeCoders.Daemon.Windows.csproj", "{30E75E1A-146F-422E-8C14-3AE0F7FB99B1}"
EndProject
Project("{FAE04EC0-301F-11D3-BF4B-00C04F79EFBC}") = "CreativeCoders.NukeBuild.Components", "source\NukeBuild\CreativeCoders.NukeBuild.Components\CreativeCoders.NukeBuild.Components.csproj", "{5D68956E-580F-4A2A-B13F-1477E6DE6FCF}"
EndProject
Project("{2150E333-8FDC-42A3-9474-1A3956D46DE8}") = "IO", "IO", "{F31389F0-613B-48B1-AA99-6BFC3D8D7D1A}"
EndProject
Project("{FAE04EC0-301F-11D3-BF4B-00C04F79EFBC}") = "CreativeCoders.IO", "source\IO\CreativeCoders.IO\CreativeCoders.IO.csproj", "{3B1E60AF-5B5C-4BED-8AAF-79167CF5E2C0}"
EndProject
Project("{FAE04EC0-301F-11D3-BF4B-00C04F79EFBC}") = "CreativeCoders.Net.JsonRpc", "source\Net\CreativeCoders.Net.JsonRpc\CreativeCoders.Net.JsonRpc.csproj", "{0D77E6F7-5D76-4DF0-BE57-BA459951CD2F}"
EndProject
Project("{2150E333-8FDC-42A3-9474-1A3956D46DE8}") = "NoSql", "NoSql", "{F708D571-2BF4-4F2D-9711-B00D245A0BB3}"
EndProject
Project("{FAE04EC0-301F-11D3-BF4B-00C04F79EFBC}") = "CreativeCoders.Data.NoSql", "source\Data\CreativeCoders.Data.NoSql\CreativeCoders.Data.NoSql.csproj", "{E6D5CE84-542C-4125-B094-D8C67A11AF13}"
EndProject
Project("{2150E333-8FDC-42A3-9474-1A3956D46DE8}") = "tests", "tests", "{5A3FFD14-2258-4007-AC77-BAFB3B3EB26F}"
	ProjectSection(SolutionItems) = preProject
		tests\Directory.Build.props = tests\Directory.Build.props
	EndProjectSection
EndProject
Project("{FAE04EC0-301F-11D3-BF4B-00C04F79EFBC}") = "CreativeCoders.Data.NoSql.LiteDb.Tests", "tests\CreativeCoders.Data.NoSql.LiteDb.Tests\CreativeCoders.Data.NoSql.LiteDb.Tests.csproj", "{584D2981-461B-4146-B19A-3F9E574E1E88}"
EndProject
Project("{FAE04EC0-301F-11D3-BF4B-00C04F79EFBC}") = "CreativeCoders.Core.UnitTests", "tests\CreativeCoders.Core.UnitTests\CreativeCoders.Core.UnitTests.csproj", "{069660C3-2C29-481B-8872-2973300E4D51}"
EndProject
Project("{FAE04EC0-301F-11D3-BF4B-00C04F79EFBC}") = "CreativeCoders.AspNetCore.Blazor.UnitTests", "tests\CreativeCoders.AspNetCore.Blazor.UnitTests\CreativeCoders.AspNetCore.Blazor.UnitTests.csproj", "{8041FA2E-F624-40A3-BE38-DBFA19459427}"
EndProject
Project("{FAE04EC0-301F-11D3-BF4B-00C04F79EFBC}") = "CreativeCoders.CodeCompilation.UnitTests", "tests\CreativeCoders.CodeCompilation.UnitTests\CreativeCoders.CodeCompilation.UnitTests.csproj", "{E7B570E7-77F8-4ACF-86B1-1A8CB6E4D3B5}"
EndProject
Project("{FAE04EC0-301F-11D3-BF4B-00C04F79EFBC}") = "CreativeCoders.DependencyInjection.UnitTests", "tests\CreativeCoders.DependencyInjection.UnitTests\CreativeCoders.DependencyInjection.UnitTests.csproj", "{BCD7A5C9-216B-4857-863D-FC7B7BC2CCF0}"
EndProject
Project("{FAE04EC0-301F-11D3-BF4B-00C04F79EFBC}") = "CreativeCoders.IO.UnitTests", "tests\CreativeCoders.IO.UnitTests\CreativeCoders.IO.UnitTests.csproj", "{4BA4A706-B104-4EC3-8446-988075EDC7E6}"
EndProject
Project("{FAE04EC0-301F-11D3-BF4B-00C04F79EFBC}") = "CreativeCoders.Localization.UnitTests", "tests\CreativeCoders.Localization.UnitTests\CreativeCoders.Localization.UnitTests.csproj", "{AD94B2A3-6D92-418C-B675-8E267557571A}"
EndProject
Project("{FAE04EC0-301F-11D3-BF4B-00C04F79EFBC}") = "CreativeCoders.Messaging.UnitTests", "tests\CreativeCoders.Messaging.UnitTests\CreativeCoders.Messaging.UnitTests.csproj", "{3D18D70C-CA15-4785-9BE1-6594C632F170}"
EndProject
Project("{FAE04EC0-301F-11D3-BF4B-00C04F79EFBC}") = "CreativeCoders.MiscTest.UnitTests", "tests\CreativeCoders.MiscTest.UnitTests\CreativeCoders.MiscTest.UnitTests.csproj", "{D0EA1E59-CE0A-4D63-93CA-3C1F7BCF8567}"
EndProject
Project("{FAE04EC0-301F-11D3-BF4B-00C04F79EFBC}") = "CreativeCoders.Net.UnitTests", "tests\CreativeCoders.Net.UnitTests\CreativeCoders.Net.UnitTests.csproj", "{498B9B83-7E86-4E66-BD0B-E420BE6C66F6}"
EndProject
Project("{FAE04EC0-301F-11D3-BF4B-00C04F79EFBC}") = "CreativeCoders.Reactive.UnitTests", "tests\CreativeCoders.Reactive.UnitTests\CreativeCoders.Reactive.UnitTests.csproj", "{1017F28A-9469-4EF2-9091-2AF58C0F2055}"
EndProject
Project("{FAE04EC0-301F-11D3-BF4B-00C04F79EFBC}") = "CreativeCoders.Scripting.UnitTests", "tests\CreativeCoders.Scripting.UnitTests\CreativeCoders.Scripting.UnitTests.csproj", "{F27D8B0A-8732-4D25-BA27-77EF7E7DB900}"
EndProject
Project("{FAE04EC0-301F-11D3-BF4B-00C04F79EFBC}") = "CreativeCoders.SysConsole.App.UnitTests", "tests\CreativeCoders.SysConsole.App.UnitTests\CreativeCoders.SysConsole.App.UnitTests.csproj", "{229F1BAC-9E1F-4182-B85C-0E6BAB9BBC34}"
EndProject
Project("{FAE04EC0-301F-11D3-BF4B-00C04F79EFBC}") = "CreativeCoders.SysConsole.Cli.Actions.UnitTests", "tests\CreativeCoders.SysConsole.Cli.Actions.UnitTests\CreativeCoders.SysConsole.Cli.Actions.UnitTests.csproj", "{D3CD78BE-AC19-4B6D-BB6A-55CA2D86C601}"
EndProject
Project("{FAE04EC0-301F-11D3-BF4B-00C04F79EFBC}") = "CreativeCoders.SysConsole.Cli.Parsing.UnitTests", "tests\CreativeCoders.SysConsole.Cli.Parsing.UnitTests\CreativeCoders.SysConsole.Cli.Parsing.UnitTests.csproj", "{0294FA46-795F-42CD-A4EB-7FD02483DFE8}"
EndProject
Project("{FAE04EC0-301F-11D3-BF4B-00C04F79EFBC}") = "CreativeCoders.SysConsole.CliArguments.UnitTests", "tests\CreativeCoders.SysConsole.CliArguments.UnitTests\CreativeCoders.SysConsole.CliArguments.UnitTests.csproj", "{45A11758-5E80-4646-9E18-59F71D2D3591}"
EndProject
Project("{FAE04EC0-301F-11D3-BF4B-00C04F79EFBC}") = "CreativeCoders.SysConsole.UnitTests", "tests\CreativeCoders.SysConsole.UnitTests\CreativeCoders.SysConsole.UnitTests.csproj", "{26E2B34B-8D7C-42B8-841C-D27F4BFCCD8A}"
EndProject
Project("{FAE04EC0-301F-11D3-BF4B-00C04F79EFBC}") = "CreativeCoders.Data.NoSql.LiteDb", "source\Data\CreativeCoders.Data.NoSql.LiteDb\CreativeCoders.Data.NoSql.LiteDb.csproj", "{5E712E88-317E-4412-8097-1D5922056EDB}"
EndProject
Project("{FAE04EC0-301F-11D3-BF4B-00C04F79EFBC}") = "CreativeCoders.AspNetCore.TokenAuthApi", "source\AspNetCore\CreativeCoders.AspNetCore.TokenAuthApi\CreativeCoders.AspNetCore.TokenAuthApi.csproj", "{B62B90E5-471A-4E0A-AAC2-F8D62042896C}"
EndProject
Project("{FAE04EC0-301F-11D3-BF4B-00C04F79EFBC}") = "CreativeCoders.AspNetCore.TokenAuthApi.Jwt", "source\AspNetCore\CreativeCoders.AspNetCore.TokenAuthApi.Jwt\CreativeCoders.AspNetCore.TokenAuthApi.Jwt.csproj", "{9357DAC0-2E7B-4394-AD43-305DE5AC2DF1}"
EndProject
Project("{FAE04EC0-301F-11D3-BF4B-00C04F79EFBC}") = "CreativeCoders.AspNetCore.TokenAuth.Jwt", "source\AspNetCore\CreativeCoders.AspNetCore.TokenAuth.Jwt\CreativeCoders.AspNetCore.TokenAuth.Jwt.csproj", "{6C2862AB-9938-4802-8B90-6454CE24198D}"
EndProject
Project("{FAE04EC0-301F-11D3-BF4B-00C04F79EFBC}") = "CreativeCoders.AspNetCore.Tests", "tests\CreativeCoders.AspNetCore.Tests\CreativeCoders.AspNetCore.Tests.csproj", "{9A2200C2-46F7-447A-8B9C-40A81D03D0B6}"
EndProject
Project("{FAE04EC0-301F-11D3-BF4B-00C04F79EFBC}") = "CreativeCoders.NukeBuild.Tests", "tests\CreativeCoders.NukeBuild.Tests\CreativeCoders.NukeBuild.Tests.csproj", "{FC343B26-4AB3-47E7-B9EE-9EFFF0E02C7D}"
EndProject
Project("{FAE04EC0-301F-11D3-BF4B-00C04F79EFBC}") = "ConsoleTestApp", "samples\ConsoleTestApp\ConsoleTestApp.csproj", "{037EDB81-3473-4EF6-82A9-BCE5FAE1DE00}"
EndProject
Project("{2150E333-8FDC-42A3-9474-1A3956D46DE8}") = "Options", "Options", "{23126211-23BF-4399-A227-6C609FB7505E}"
EndProject
Project("{FAE04EC0-301F-11D3-BF4B-00C04F79EFBC}") = "CreativeCoders.Options.Core", "source\Options\CreativeCoders.Options.Core\CreativeCoders.Options.Core.csproj", "{70C54624-CAE5-4ED6-A087-88CD1470E2B7}"
EndProject
Project("{FAE04EC0-301F-11D3-BF4B-00C04F79EFBC}") = "CreativeCoders.Options.Storage.FileSystem", "source\Options\CreativeCoders.Options.Storage.FileSystem\CreativeCoders.Options.Storage.FileSystem.csproj", "{83F2F98D-4C23-404F-9D06-B744C87E6EF1}"
EndProject
Project("{FAE04EC0-301F-11D3-BF4B-00C04F79EFBC}") = "CreativeCoders.Options.Serializers", "source\Options\CreativeCoders.Options.Serializers\CreativeCoders.Options.Serializers.csproj", "{3140873A-7C79-408F-B7F2-C51980EFF0C4}"
EndProject
Project("{2150E333-8FDC-42A3-9474-1A3956D46DE8}") = "ProcessUtils", "ProcessUtils", "{DD74AD8A-E88F-479A-82CE-32F818BE438D}"
EndProject
Project("{FAE04EC0-301F-11D3-BF4B-00C04F79EFBC}") = "CreativeCoders.ProcessUtils", "source\ProcessUtils\CreativeCoders.ProcessUtils\CreativeCoders.ProcessUtils.csproj", "{A26B77F8-EA82-4E04-ABE4-2CFB660CA323}"
EndProject
Project("{2150E333-8FDC-42A3-9474-1A3956D46DE8}") = "__ai", "__ai", "{FCD8D558-7F1F-4D2E-B2EA-DE412BCEE1F7}"
EndProject
Project("{2150E333-8FDC-42A3-9474-1A3956D46DE8}") = "copilot", "copilot", "{7EA4E4D9-BC5F-401A-A143-99816D46ABC2}"
	ProjectSection(SolutionItems) = preProject
		.github\csharp.instructions.md = .github\csharp.instructions.md
	EndProjectSection
EndProject
Project("{2150E333-8FDC-42A3-9474-1A3956D46DE8}") = "junie", "junie", "{6CAB0BC8-210F-4AFF-902F-91F3BFF64CC8}"
	ProjectSection(SolutionItems) = preProject
		.junie\guidelines.md = .junie\guidelines.md
	EndProjectSection
EndProject
Project("{FAE04EC0-301F-11D3-BF4B-00C04F79EFBC}") = "ProcessUtilsSampleApp", "samples\ProcessUtilsSampleApp\ProcessUtilsSampleApp.csproj", "{58E94E6E-9A9A-4E3F-ACB5-89E47CE67C39}"
EndProject
Project("{2150E333-8FDC-42A3-9474-1A3956D46DE8}") = "Cli", "Cli", "{CDCF2469-1668-4EB0-A73F-692115CF6776}"
EndProject
Project("{FAE04EC0-301F-11D3-BF4B-00C04F79EFBC}") = "CreativeCoders.Cli.Core", "source\Cli\CreativeCoders.Cli.Core\CreativeCoders.Cli.Core.csproj", "{4E628A1A-953A-4274-B4EF-F33E943A650D}"
EndProject
Project("{FAE04EC0-301F-11D3-BF4B-00C04F79EFBC}") = "CreativeCoders.Cli.Hosting", "source\Cli\CreativeCoders.Cli.Hosting\CreativeCoders.Cli.Hosting.csproj", "{ED92EBC6-C297-46AE-998B-155A26442AA5}"
EndProject
Project("{FAE04EC0-301F-11D3-BF4B-00C04F79EFBC}") = "CliHostSampleApp", "samples\CliHostSampleApp\CliHostSampleApp.csproj", "{CA248700-A9E0-433E-98FE-4E1C6844811F}"
EndProject
Project("{FAE04EC0-301F-11D3-BF4B-00C04F79EFBC}") = "CreativeCoders.Cli.Tests", "tests\CreativeCoders.Cli.Tests\CreativeCoders.Cli.Tests.csproj", "{FF482B6D-D459-413E-82E0-9175C44DA8BA}"
EndProject
Global
	GlobalSection(SolutionConfigurationPlatforms) = preSolution
		Debug|Any CPU = Debug|Any CPU
		Release|Any CPU = Release|Any CPU
	EndGlobalSection
	GlobalSection(ProjectConfigurationPlatforms) = postSolution
		{606AB477-7D63-48EB-814C-46DFE03CB6DE}.Debug|Any CPU.ActiveCfg = Debug|Any CPU
		{606AB477-7D63-48EB-814C-46DFE03CB6DE}.Debug|Any CPU.Build.0 = Debug|Any CPU
		{606AB477-7D63-48EB-814C-46DFE03CB6DE}.Release|Any CPU.ActiveCfg = Release|Any CPU
		{606AB477-7D63-48EB-814C-46DFE03CB6DE}.Release|Any CPU.Build.0 = Release|Any CPU
		{09FCE791-BA8C-4E6A-9B40-673AA095BA63}.Debug|Any CPU.ActiveCfg = Debug|Any CPU
		{09FCE791-BA8C-4E6A-9B40-673AA095BA63}.Debug|Any CPU.Build.0 = Debug|Any CPU
		{09FCE791-BA8C-4E6A-9B40-673AA095BA63}.Release|Any CPU.ActiveCfg = Release|Any CPU
		{09FCE791-BA8C-4E6A-9B40-673AA095BA63}.Release|Any CPU.Build.0 = Release|Any CPU
		{CDFDCA4A-A0D4-442D-AF94-5FEC0A8DA426}.Debug|Any CPU.ActiveCfg = Debug|Any CPU
		{CDFDCA4A-A0D4-442D-AF94-5FEC0A8DA426}.Debug|Any CPU.Build.0 = Debug|Any CPU
		{CDFDCA4A-A0D4-442D-AF94-5FEC0A8DA426}.Release|Any CPU.ActiveCfg = Release|Any CPU
		{CDFDCA4A-A0D4-442D-AF94-5FEC0A8DA426}.Release|Any CPU.Build.0 = Release|Any CPU
		{B4F3B9F5-8B67-4970-B47C-28800245EBC2}.Debug|Any CPU.ActiveCfg = Debug|Any CPU
		{B4F3B9F5-8B67-4970-B47C-28800245EBC2}.Debug|Any CPU.Build.0 = Debug|Any CPU
		{B4F3B9F5-8B67-4970-B47C-28800245EBC2}.Release|Any CPU.ActiveCfg = Release|Any CPU
		{B4F3B9F5-8B67-4970-B47C-28800245EBC2}.Release|Any CPU.Build.0 = Release|Any CPU
		{EB431027-75E0-4FAE-A52E-74E3692D3C3C}.Debug|Any CPU.ActiveCfg = Debug|Any CPU
		{EB431027-75E0-4FAE-A52E-74E3692D3C3C}.Debug|Any CPU.Build.0 = Debug|Any CPU
		{EB431027-75E0-4FAE-A52E-74E3692D3C3C}.Release|Any CPU.ActiveCfg = Release|Any CPU
		{EB431027-75E0-4FAE-A52E-74E3692D3C3C}.Release|Any CPU.Build.0 = Release|Any CPU
		{6D44FA39-9E85-4A23-B627-AA4223F9DB8B}.Debug|Any CPU.ActiveCfg = Debug|Any CPU
		{6D44FA39-9E85-4A23-B627-AA4223F9DB8B}.Debug|Any CPU.Build.0 = Debug|Any CPU
		{6D44FA39-9E85-4A23-B627-AA4223F9DB8B}.Release|Any CPU.ActiveCfg = Release|Any CPU
		{6D44FA39-9E85-4A23-B627-AA4223F9DB8B}.Release|Any CPU.Build.0 = Release|Any CPU
		{78108EE7-4A12-4F93-B01E-DF893B4ECC3B}.Debug|Any CPU.ActiveCfg = Debug|Any CPU
		{78108EE7-4A12-4F93-B01E-DF893B4ECC3B}.Debug|Any CPU.Build.0 = Debug|Any CPU
		{78108EE7-4A12-4F93-B01E-DF893B4ECC3B}.Release|Any CPU.ActiveCfg = Release|Any CPU
		{78108EE7-4A12-4F93-B01E-DF893B4ECC3B}.Release|Any CPU.Build.0 = Release|Any CPU
		{6DC31DC0-6CA9-434D-B0E9-A7530243CFA7}.Debug|Any CPU.ActiveCfg = Debug|Any CPU
		{6DC31DC0-6CA9-434D-B0E9-A7530243CFA7}.Debug|Any CPU.Build.0 = Debug|Any CPU
		{6DC31DC0-6CA9-434D-B0E9-A7530243CFA7}.Release|Any CPU.ActiveCfg = Release|Any CPU
		{6DC31DC0-6CA9-434D-B0E9-A7530243CFA7}.Release|Any CPU.Build.0 = Release|Any CPU
		{C7F8E3EB-898A-4524-A758-6FEE281DFB9B}.Debug|Any CPU.ActiveCfg = Debug|Any CPU
		{C7F8E3EB-898A-4524-A758-6FEE281DFB9B}.Debug|Any CPU.Build.0 = Debug|Any CPU
		{C7F8E3EB-898A-4524-A758-6FEE281DFB9B}.Release|Any CPU.ActiveCfg = Release|Any CPU
		{C7F8E3EB-898A-4524-A758-6FEE281DFB9B}.Release|Any CPU.Build.0 = Release|Any CPU
		{D2AE77DF-C207-47B3-ACE6-3E975A5AF40B}.Debug|Any CPU.ActiveCfg = Debug|Any CPU
		{D2AE77DF-C207-47B3-ACE6-3E975A5AF40B}.Debug|Any CPU.Build.0 = Debug|Any CPU
		{D2AE77DF-C207-47B3-ACE6-3E975A5AF40B}.Release|Any CPU.ActiveCfg = Release|Any CPU
		{D2AE77DF-C207-47B3-ACE6-3E975A5AF40B}.Release|Any CPU.Build.0 = Release|Any CPU
		{AF351D4F-8E2A-480E-B26F-920D603C20A3}.Debug|Any CPU.ActiveCfg = Debug|Any CPU
		{AF351D4F-8E2A-480E-B26F-920D603C20A3}.Debug|Any CPU.Build.0 = Debug|Any CPU
		{AF351D4F-8E2A-480E-B26F-920D603C20A3}.Release|Any CPU.ActiveCfg = Release|Any CPU
		{AF351D4F-8E2A-480E-B26F-920D603C20A3}.Release|Any CPU.Build.0 = Release|Any CPU
		{30EF6792-1BFB-4525-BE76-C30A740D3B0B}.Debug|Any CPU.ActiveCfg = Debug|Any CPU
		{30EF6792-1BFB-4525-BE76-C30A740D3B0B}.Debug|Any CPU.Build.0 = Debug|Any CPU
		{30EF6792-1BFB-4525-BE76-C30A740D3B0B}.Release|Any CPU.ActiveCfg = Release|Any CPU
		{30EF6792-1BFB-4525-BE76-C30A740D3B0B}.Release|Any CPU.Build.0 = Release|Any CPU
		{A3A32F0D-2344-40FE-BF1F-EF3146BB6B14}.Debug|Any CPU.ActiveCfg = Debug|Any CPU
		{A3A32F0D-2344-40FE-BF1F-EF3146BB6B14}.Debug|Any CPU.Build.0 = Debug|Any CPU
		{A3A32F0D-2344-40FE-BF1F-EF3146BB6B14}.Release|Any CPU.ActiveCfg = Release|Any CPU
		{A3A32F0D-2344-40FE-BF1F-EF3146BB6B14}.Release|Any CPU.Build.0 = Release|Any CPU
		{63937BBB-9B68-4841-BD22-72C3C723953E}.Debug|Any CPU.ActiveCfg = Debug|Any CPU
		{63937BBB-9B68-4841-BD22-72C3C723953E}.Debug|Any CPU.Build.0 = Debug|Any CPU
		{63937BBB-9B68-4841-BD22-72C3C723953E}.Release|Any CPU.ActiveCfg = Release|Any CPU
		{63937BBB-9B68-4841-BD22-72C3C723953E}.Release|Any CPU.Build.0 = Release|Any CPU
		{AEF54AE0-F2A6-4EEE-9E69-D82E31AACB4C}.Debug|Any CPU.ActiveCfg = Debug|Any CPU
		{AEF54AE0-F2A6-4EEE-9E69-D82E31AACB4C}.Debug|Any CPU.Build.0 = Debug|Any CPU
		{AEF54AE0-F2A6-4EEE-9E69-D82E31AACB4C}.Release|Any CPU.ActiveCfg = Release|Any CPU
		{AEF54AE0-F2A6-4EEE-9E69-D82E31AACB4C}.Release|Any CPU.Build.0 = Release|Any CPU
		{44D2EC83-4BC6-4C69-88BF-924A3FCAA1F6}.Debug|Any CPU.ActiveCfg = Debug|Any CPU
		{44D2EC83-4BC6-4C69-88BF-924A3FCAA1F6}.Debug|Any CPU.Build.0 = Debug|Any CPU
		{44D2EC83-4BC6-4C69-88BF-924A3FCAA1F6}.Release|Any CPU.ActiveCfg = Release|Any CPU
		{44D2EC83-4BC6-4C69-88BF-924A3FCAA1F6}.Release|Any CPU.Build.0 = Release|Any CPU
		{B022D220-EEE7-4FBC-A7D5-FC00F16C1A36}.Debug|Any CPU.ActiveCfg = Debug|Any CPU
		{B022D220-EEE7-4FBC-A7D5-FC00F16C1A36}.Debug|Any CPU.Build.0 = Debug|Any CPU
		{B022D220-EEE7-4FBC-A7D5-FC00F16C1A36}.Release|Any CPU.ActiveCfg = Release|Any CPU
		{B022D220-EEE7-4FBC-A7D5-FC00F16C1A36}.Release|Any CPU.Build.0 = Release|Any CPU
		{C57A6AD0-A0AB-45F3-BC32-58E469CACC15}.Debug|Any CPU.ActiveCfg = Debug|Any CPU
		{C57A6AD0-A0AB-45F3-BC32-58E469CACC15}.Debug|Any CPU.Build.0 = Debug|Any CPU
		{C57A6AD0-A0AB-45F3-BC32-58E469CACC15}.Release|Any CPU.ActiveCfg = Release|Any CPU
		{C57A6AD0-A0AB-45F3-BC32-58E469CACC15}.Release|Any CPU.Build.0 = Release|Any CPU
		{02EB95BA-07BE-441F-ADC7-3363AC17814C}.Debug|Any CPU.ActiveCfg = Debug|Any CPU
		{02EB95BA-07BE-441F-ADC7-3363AC17814C}.Release|Any CPU.ActiveCfg = Release|Any CPU
		{4687771E-6F0E-40C8-8C0A-DEDC20260604}.Debug|Any CPU.ActiveCfg = Debug|Any CPU
		{4687771E-6F0E-40C8-8C0A-DEDC20260604}.Debug|Any CPU.Build.0 = Debug|Any CPU
		{4687771E-6F0E-40C8-8C0A-DEDC20260604}.Release|Any CPU.ActiveCfg = Release|Any CPU
		{4687771E-6F0E-40C8-8C0A-DEDC20260604}.Release|Any CPU.Build.0 = Release|Any CPU
		{A815C965-84FF-4880-800E-CCFEEF017A41}.Debug|Any CPU.ActiveCfg = Debug|Any CPU
		{A815C965-84FF-4880-800E-CCFEEF017A41}.Debug|Any CPU.Build.0 = Debug|Any CPU
		{A815C965-84FF-4880-800E-CCFEEF017A41}.Release|Any CPU.ActiveCfg = Release|Any CPU
		{A815C965-84FF-4880-800E-CCFEEF017A41}.Release|Any CPU.Build.0 = Release|Any CPU
		{61B4DBCC-2F85-4F8F-9DF9-E5A4EC17334B}.Debug|Any CPU.ActiveCfg = Debug|Any CPU
		{61B4DBCC-2F85-4F8F-9DF9-E5A4EC17334B}.Debug|Any CPU.Build.0 = Debug|Any CPU
		{61B4DBCC-2F85-4F8F-9DF9-E5A4EC17334B}.Release|Any CPU.ActiveCfg = Release|Any CPU
		{61B4DBCC-2F85-4F8F-9DF9-E5A4EC17334B}.Release|Any CPU.Build.0 = Release|Any CPU
		{F8FBA4A0-84A7-4502-A1A9-02C7F1464EA9}.Debug|Any CPU.ActiveCfg = Debug|Any CPU
		{F8FBA4A0-84A7-4502-A1A9-02C7F1464EA9}.Debug|Any CPU.Build.0 = Debug|Any CPU
		{F8FBA4A0-84A7-4502-A1A9-02C7F1464EA9}.Release|Any CPU.ActiveCfg = Release|Any CPU
		{F8FBA4A0-84A7-4502-A1A9-02C7F1464EA9}.Release|Any CPU.Build.0 = Release|Any CPU
		{8B8FA74D-FF25-42E0-9191-7C2E4112B714}.Debug|Any CPU.ActiveCfg = Debug|Any CPU
		{8B8FA74D-FF25-42E0-9191-7C2E4112B714}.Debug|Any CPU.Build.0 = Debug|Any CPU
		{8B8FA74D-FF25-42E0-9191-7C2E4112B714}.Release|Any CPU.ActiveCfg = Release|Any CPU
		{8B8FA74D-FF25-42E0-9191-7C2E4112B714}.Release|Any CPU.Build.0 = Release|Any CPU
		{9943E5E7-1FB9-4BF5-899A-034B008E13C8}.Debug|Any CPU.ActiveCfg = Debug|Any CPU
		{9943E5E7-1FB9-4BF5-899A-034B008E13C8}.Debug|Any CPU.Build.0 = Debug|Any CPU
		{9943E5E7-1FB9-4BF5-899A-034B008E13C8}.Release|Any CPU.ActiveCfg = Release|Any CPU
		{9943E5E7-1FB9-4BF5-899A-034B008E13C8}.Release|Any CPU.Build.0 = Release|Any CPU
		{BF7FE66B-6631-4530-A02E-90C8166F155B}.Debug|Any CPU.ActiveCfg = Debug|Any CPU
		{BF7FE66B-6631-4530-A02E-90C8166F155B}.Debug|Any CPU.Build.0 = Debug|Any CPU
		{BF7FE66B-6631-4530-A02E-90C8166F155B}.Release|Any CPU.ActiveCfg = Release|Any CPU
		{BF7FE66B-6631-4530-A02E-90C8166F155B}.Release|Any CPU.Build.0 = Release|Any CPU
		{BA8F9211-0427-4A3C-8F86-124B7CE4AECA}.Debug|Any CPU.ActiveCfg = Debug|Any CPU
		{BA8F9211-0427-4A3C-8F86-124B7CE4AECA}.Debug|Any CPU.Build.0 = Debug|Any CPU
		{BA8F9211-0427-4A3C-8F86-124B7CE4AECA}.Release|Any CPU.ActiveCfg = Release|Any CPU
		{BA8F9211-0427-4A3C-8F86-124B7CE4AECA}.Release|Any CPU.Build.0 = Release|Any CPU
		{B025B02B-B0A0-4467-A3B2-786D32622DD3}.Debug|Any CPU.ActiveCfg = Debug|Any CPU
		{B025B02B-B0A0-4467-A3B2-786D32622DD3}.Debug|Any CPU.Build.0 = Debug|Any CPU
		{B025B02B-B0A0-4467-A3B2-786D32622DD3}.Release|Any CPU.ActiveCfg = Release|Any CPU
		{B025B02B-B0A0-4467-A3B2-786D32622DD3}.Release|Any CPU.Build.0 = Release|Any CPU
		{7E7EBA16-07F8-4F04-A0E0-803F6222FF98}.Debug|Any CPU.ActiveCfg = Debug|Any CPU
		{7E7EBA16-07F8-4F04-A0E0-803F6222FF98}.Debug|Any CPU.Build.0 = Debug|Any CPU
		{7E7EBA16-07F8-4F04-A0E0-803F6222FF98}.Release|Any CPU.ActiveCfg = Release|Any CPU
		{7E7EBA16-07F8-4F04-A0E0-803F6222FF98}.Release|Any CPU.Build.0 = Release|Any CPU
		{B4AF92DA-D4F4-45AF-BC8D-C45DE6348BE5}.Debug|Any CPU.ActiveCfg = Debug|Any CPU
		{B4AF92DA-D4F4-45AF-BC8D-C45DE6348BE5}.Debug|Any CPU.Build.0 = Debug|Any CPU
		{B4AF92DA-D4F4-45AF-BC8D-C45DE6348BE5}.Release|Any CPU.ActiveCfg = Release|Any CPU
		{B4AF92DA-D4F4-45AF-BC8D-C45DE6348BE5}.Release|Any CPU.Build.0 = Release|Any CPU
		{AA55240A-F447-43F8-9E0E-1B2D29C2C918}.Debug|Any CPU.ActiveCfg = Debug|Any CPU
		{AA55240A-F447-43F8-9E0E-1B2D29C2C918}.Debug|Any CPU.Build.0 = Debug|Any CPU
		{AA55240A-F447-43F8-9E0E-1B2D29C2C918}.Release|Any CPU.ActiveCfg = Release|Any CPU
		{AA55240A-F447-43F8-9E0E-1B2D29C2C918}.Release|Any CPU.Build.0 = Release|Any CPU
		{3D6B25D4-1358-4043-9B94-0E9EB27DF9C5}.Debug|Any CPU.ActiveCfg = Debug|Any CPU
		{3D6B25D4-1358-4043-9B94-0E9EB27DF9C5}.Debug|Any CPU.Build.0 = Debug|Any CPU
		{3D6B25D4-1358-4043-9B94-0E9EB27DF9C5}.Release|Any CPU.ActiveCfg = Release|Any CPU
		{3D6B25D4-1358-4043-9B94-0E9EB27DF9C5}.Release|Any CPU.Build.0 = Release|Any CPU
		{2B60142B-B9D6-4843-A8DB-DF148B2B5670}.Debug|Any CPU.ActiveCfg = Debug|Any CPU
		{2B60142B-B9D6-4843-A8DB-DF148B2B5670}.Debug|Any CPU.Build.0 = Debug|Any CPU
		{2B60142B-B9D6-4843-A8DB-DF148B2B5670}.Release|Any CPU.ActiveCfg = Release|Any CPU
		{2B60142B-B9D6-4843-A8DB-DF148B2B5670}.Release|Any CPU.Build.0 = Release|Any CPU
		{007E2B41-126E-4E9F-8FF5-5766B39BFFE9}.Debug|Any CPU.ActiveCfg = Debug|Any CPU
		{007E2B41-126E-4E9F-8FF5-5766B39BFFE9}.Debug|Any CPU.Build.0 = Debug|Any CPU
		{007E2B41-126E-4E9F-8FF5-5766B39BFFE9}.Release|Any CPU.ActiveCfg = Release|Any CPU
		{007E2B41-126E-4E9F-8FF5-5766B39BFFE9}.Release|Any CPU.Build.0 = Release|Any CPU
		{CEEF8F31-BA53-41E8-969F-7816C1D807C5}.Debug|Any CPU.ActiveCfg = Debug|Any CPU
		{CEEF8F31-BA53-41E8-969F-7816C1D807C5}.Debug|Any CPU.Build.0 = Debug|Any CPU
		{CEEF8F31-BA53-41E8-969F-7816C1D807C5}.Release|Any CPU.ActiveCfg = Release|Any CPU
		{CEEF8F31-BA53-41E8-969F-7816C1D807C5}.Release|Any CPU.Build.0 = Release|Any CPU
		{3E67511E-8554-4ADE-8C5F-5322C61197F9}.Debug|Any CPU.ActiveCfg = Debug|Any CPU
		{3E67511E-8554-4ADE-8C5F-5322C61197F9}.Debug|Any CPU.Build.0 = Debug|Any CPU
		{3E67511E-8554-4ADE-8C5F-5322C61197F9}.Release|Any CPU.ActiveCfg = Release|Any CPU
		{3E67511E-8554-4ADE-8C5F-5322C61197F9}.Release|Any CPU.Build.0 = Release|Any CPU
		{41795D90-8921-49AF-AF0D-CF4191F6D098}.Debug|Any CPU.ActiveCfg = Debug|Any CPU
		{41795D90-8921-49AF-AF0D-CF4191F6D098}.Debug|Any CPU.Build.0 = Debug|Any CPU
		{41795D90-8921-49AF-AF0D-CF4191F6D098}.Release|Any CPU.ActiveCfg = Release|Any CPU
		{41795D90-8921-49AF-AF0D-CF4191F6D098}.Release|Any CPU.Build.0 = Release|Any CPU
		{9293B5B8-C4AD-4124-8962-79202417148E}.Debug|Any CPU.ActiveCfg = Debug|Any CPU
		{9293B5B8-C4AD-4124-8962-79202417148E}.Debug|Any CPU.Build.0 = Debug|Any CPU
		{9293B5B8-C4AD-4124-8962-79202417148E}.Release|Any CPU.ActiveCfg = Release|Any CPU
		{9293B5B8-C4AD-4124-8962-79202417148E}.Release|Any CPU.Build.0 = Release|Any CPU
		{F67BD1DC-64E3-4558-979C-4A202EFF49A1}.Debug|Any CPU.ActiveCfg = Debug|Any CPU
		{F67BD1DC-64E3-4558-979C-4A202EFF49A1}.Debug|Any CPU.Build.0 = Debug|Any CPU
		{F67BD1DC-64E3-4558-979C-4A202EFF49A1}.Release|Any CPU.ActiveCfg = Release|Any CPU
		{F67BD1DC-64E3-4558-979C-4A202EFF49A1}.Release|Any CPU.Build.0 = Release|Any CPU
		{4937AED7-4F7A-4B5A-A36B-298FD4D03E63}.Debug|Any CPU.ActiveCfg = Debug|Any CPU
		{4937AED7-4F7A-4B5A-A36B-298FD4D03E63}.Debug|Any CPU.Build.0 = Debug|Any CPU
		{4937AED7-4F7A-4B5A-A36B-298FD4D03E63}.Release|Any CPU.ActiveCfg = Release|Any CPU
		{4937AED7-4F7A-4B5A-A36B-298FD4D03E63}.Release|Any CPU.Build.0 = Release|Any CPU
		{3D078D4E-0437-4AD1-90DE-1FD858DA595B}.Debug|Any CPU.ActiveCfg = Debug|Any CPU
		{3D078D4E-0437-4AD1-90DE-1FD858DA595B}.Debug|Any CPU.Build.0 = Debug|Any CPU
		{3D078D4E-0437-4AD1-90DE-1FD858DA595B}.Release|Any CPU.ActiveCfg = Release|Any CPU
		{3D078D4E-0437-4AD1-90DE-1FD858DA595B}.Release|Any CPU.Build.0 = Release|Any CPU
		{74B31A58-28CB-4B90-B2A4-C64F339FC93D}.Debug|Any CPU.ActiveCfg = Debug|Any CPU
		{74B31A58-28CB-4B90-B2A4-C64F339FC93D}.Debug|Any CPU.Build.0 = Debug|Any CPU
		{74B31A58-28CB-4B90-B2A4-C64F339FC93D}.Release|Any CPU.ActiveCfg = Release|Any CPU
		{74B31A58-28CB-4B90-B2A4-C64F339FC93D}.Release|Any CPU.Build.0 = Release|Any CPU
		{30E75E1A-146F-422E-8C14-3AE0F7FB99B1}.Debug|Any CPU.ActiveCfg = Debug|Any CPU
		{30E75E1A-146F-422E-8C14-3AE0F7FB99B1}.Debug|Any CPU.Build.0 = Debug|Any CPU
		{30E75E1A-146F-422E-8C14-3AE0F7FB99B1}.Release|Any CPU.ActiveCfg = Release|Any CPU
		{30E75E1A-146F-422E-8C14-3AE0F7FB99B1}.Release|Any CPU.Build.0 = Release|Any CPU
		{5D68956E-580F-4A2A-B13F-1477E6DE6FCF}.Debug|Any CPU.ActiveCfg = Debug|Any CPU
		{5D68956E-580F-4A2A-B13F-1477E6DE6FCF}.Debug|Any CPU.Build.0 = Debug|Any CPU
		{5D68956E-580F-4A2A-B13F-1477E6DE6FCF}.Release|Any CPU.ActiveCfg = Release|Any CPU
		{5D68956E-580F-4A2A-B13F-1477E6DE6FCF}.Release|Any CPU.Build.0 = Release|Any CPU
		{3B1E60AF-5B5C-4BED-8AAF-79167CF5E2C0}.Debug|Any CPU.ActiveCfg = Debug|Any CPU
		{3B1E60AF-5B5C-4BED-8AAF-79167CF5E2C0}.Debug|Any CPU.Build.0 = Debug|Any CPU
		{3B1E60AF-5B5C-4BED-8AAF-79167CF5E2C0}.Release|Any CPU.ActiveCfg = Release|Any CPU
		{3B1E60AF-5B5C-4BED-8AAF-79167CF5E2C0}.Release|Any CPU.Build.0 = Release|Any CPU
		{0D77E6F7-5D76-4DF0-BE57-BA459951CD2F}.Debug|Any CPU.ActiveCfg = Debug|Any CPU
		{0D77E6F7-5D76-4DF0-BE57-BA459951CD2F}.Debug|Any CPU.Build.0 = Debug|Any CPU
		{0D77E6F7-5D76-4DF0-BE57-BA459951CD2F}.Release|Any CPU.ActiveCfg = Release|Any CPU
		{0D77E6F7-5D76-4DF0-BE57-BA459951CD2F}.Release|Any CPU.Build.0 = Release|Any CPU
		{E6D5CE84-542C-4125-B094-D8C67A11AF13}.Debug|Any CPU.ActiveCfg = Debug|Any CPU
		{E6D5CE84-542C-4125-B094-D8C67A11AF13}.Debug|Any CPU.Build.0 = Debug|Any CPU
		{E6D5CE84-542C-4125-B094-D8C67A11AF13}.Release|Any CPU.ActiveCfg = Release|Any CPU
		{E6D5CE84-542C-4125-B094-D8C67A11AF13}.Release|Any CPU.Build.0 = Release|Any CPU
		{584D2981-461B-4146-B19A-3F9E574E1E88}.Debug|Any CPU.ActiveCfg = Debug|Any CPU
		{584D2981-461B-4146-B19A-3F9E574E1E88}.Debug|Any CPU.Build.0 = Debug|Any CPU
		{584D2981-461B-4146-B19A-3F9E574E1E88}.Release|Any CPU.ActiveCfg = Release|Any CPU
		{584D2981-461B-4146-B19A-3F9E574E1E88}.Release|Any CPU.Build.0 = Release|Any CPU
		{069660C3-2C29-481B-8872-2973300E4D51}.Debug|Any CPU.ActiveCfg = Debug|Any CPU
		{069660C3-2C29-481B-8872-2973300E4D51}.Debug|Any CPU.Build.0 = Debug|Any CPU
		{069660C3-2C29-481B-8872-2973300E4D51}.Release|Any CPU.ActiveCfg = Release|Any CPU
		{069660C3-2C29-481B-8872-2973300E4D51}.Release|Any CPU.Build.0 = Release|Any CPU
		{8041FA2E-F624-40A3-BE38-DBFA19459427}.Debug|Any CPU.ActiveCfg = Debug|Any CPU
		{8041FA2E-F624-40A3-BE38-DBFA19459427}.Debug|Any CPU.Build.0 = Debug|Any CPU
		{8041FA2E-F624-40A3-BE38-DBFA19459427}.Release|Any CPU.ActiveCfg = Release|Any CPU
		{8041FA2E-F624-40A3-BE38-DBFA19459427}.Release|Any CPU.Build.0 = Release|Any CPU
		{E7B570E7-77F8-4ACF-86B1-1A8CB6E4D3B5}.Debug|Any CPU.ActiveCfg = Debug|Any CPU
		{E7B570E7-77F8-4ACF-86B1-1A8CB6E4D3B5}.Debug|Any CPU.Build.0 = Debug|Any CPU
		{E7B570E7-77F8-4ACF-86B1-1A8CB6E4D3B5}.Release|Any CPU.ActiveCfg = Release|Any CPU
		{E7B570E7-77F8-4ACF-86B1-1A8CB6E4D3B5}.Release|Any CPU.Build.0 = Release|Any CPU
		{BCD7A5C9-216B-4857-863D-FC7B7BC2CCF0}.Debug|Any CPU.ActiveCfg = Debug|Any CPU
		{BCD7A5C9-216B-4857-863D-FC7B7BC2CCF0}.Debug|Any CPU.Build.0 = Debug|Any CPU
		{BCD7A5C9-216B-4857-863D-FC7B7BC2CCF0}.Release|Any CPU.ActiveCfg = Release|Any CPU
		{BCD7A5C9-216B-4857-863D-FC7B7BC2CCF0}.Release|Any CPU.Build.0 = Release|Any CPU
		{4BA4A706-B104-4EC3-8446-988075EDC7E6}.Debug|Any CPU.ActiveCfg = Debug|Any CPU
		{4BA4A706-B104-4EC3-8446-988075EDC7E6}.Debug|Any CPU.Build.0 = Debug|Any CPU
		{4BA4A706-B104-4EC3-8446-988075EDC7E6}.Release|Any CPU.ActiveCfg = Release|Any CPU
		{4BA4A706-B104-4EC3-8446-988075EDC7E6}.Release|Any CPU.Build.0 = Release|Any CPU
		{AD94B2A3-6D92-418C-B675-8E267557571A}.Debug|Any CPU.ActiveCfg = Debug|Any CPU
		{AD94B2A3-6D92-418C-B675-8E267557571A}.Debug|Any CPU.Build.0 = Debug|Any CPU
		{AD94B2A3-6D92-418C-B675-8E267557571A}.Release|Any CPU.ActiveCfg = Release|Any CPU
		{AD94B2A3-6D92-418C-B675-8E267557571A}.Release|Any CPU.Build.0 = Release|Any CPU
		{3D18D70C-CA15-4785-9BE1-6594C632F170}.Debug|Any CPU.ActiveCfg = Debug|Any CPU
		{3D18D70C-CA15-4785-9BE1-6594C632F170}.Debug|Any CPU.Build.0 = Debug|Any CPU
		{3D18D70C-CA15-4785-9BE1-6594C632F170}.Release|Any CPU.ActiveCfg = Release|Any CPU
		{3D18D70C-CA15-4785-9BE1-6594C632F170}.Release|Any CPU.Build.0 = Release|Any CPU
		{D0EA1E59-CE0A-4D63-93CA-3C1F7BCF8567}.Debug|Any CPU.ActiveCfg = Debug|Any CPU
		{D0EA1E59-CE0A-4D63-93CA-3C1F7BCF8567}.Debug|Any CPU.Build.0 = Debug|Any CPU
		{D0EA1E59-CE0A-4D63-93CA-3C1F7BCF8567}.Release|Any CPU.ActiveCfg = Release|Any CPU
		{D0EA1E59-CE0A-4D63-93CA-3C1F7BCF8567}.Release|Any CPU.Build.0 = Release|Any CPU
		{498B9B83-7E86-4E66-BD0B-E420BE6C66F6}.Debug|Any CPU.ActiveCfg = Debug|Any CPU
		{498B9B83-7E86-4E66-BD0B-E420BE6C66F6}.Debug|Any CPU.Build.0 = Debug|Any CPU
		{498B9B83-7E86-4E66-BD0B-E420BE6C66F6}.Release|Any CPU.ActiveCfg = Release|Any CPU
		{498B9B83-7E86-4E66-BD0B-E420BE6C66F6}.Release|Any CPU.Build.0 = Release|Any CPU
		{1017F28A-9469-4EF2-9091-2AF58C0F2055}.Debug|Any CPU.ActiveCfg = Debug|Any CPU
		{1017F28A-9469-4EF2-9091-2AF58C0F2055}.Debug|Any CPU.Build.0 = Debug|Any CPU
		{1017F28A-9469-4EF2-9091-2AF58C0F2055}.Release|Any CPU.ActiveCfg = Release|Any CPU
		{1017F28A-9469-4EF2-9091-2AF58C0F2055}.Release|Any CPU.Build.0 = Release|Any CPU
		{F27D8B0A-8732-4D25-BA27-77EF7E7DB900}.Debug|Any CPU.ActiveCfg = Debug|Any CPU
		{F27D8B0A-8732-4D25-BA27-77EF7E7DB900}.Debug|Any CPU.Build.0 = Debug|Any CPU
		{F27D8B0A-8732-4D25-BA27-77EF7E7DB900}.Release|Any CPU.ActiveCfg = Release|Any CPU
		{F27D8B0A-8732-4D25-BA27-77EF7E7DB900}.Release|Any CPU.Build.0 = Release|Any CPU
		{229F1BAC-9E1F-4182-B85C-0E6BAB9BBC34}.Debug|Any CPU.ActiveCfg = Debug|Any CPU
		{229F1BAC-9E1F-4182-B85C-0E6BAB9BBC34}.Debug|Any CPU.Build.0 = Debug|Any CPU
		{229F1BAC-9E1F-4182-B85C-0E6BAB9BBC34}.Release|Any CPU.ActiveCfg = Release|Any CPU
		{229F1BAC-9E1F-4182-B85C-0E6BAB9BBC34}.Release|Any CPU.Build.0 = Release|Any CPU
		{D3CD78BE-AC19-4B6D-BB6A-55CA2D86C601}.Debug|Any CPU.ActiveCfg = Debug|Any CPU
		{D3CD78BE-AC19-4B6D-BB6A-55CA2D86C601}.Debug|Any CPU.Build.0 = Debug|Any CPU
		{D3CD78BE-AC19-4B6D-BB6A-55CA2D86C601}.Release|Any CPU.ActiveCfg = Release|Any CPU
		{D3CD78BE-AC19-4B6D-BB6A-55CA2D86C601}.Release|Any CPU.Build.0 = Release|Any CPU
		{0294FA46-795F-42CD-A4EB-7FD02483DFE8}.Debug|Any CPU.ActiveCfg = Debug|Any CPU
		{0294FA46-795F-42CD-A4EB-7FD02483DFE8}.Debug|Any CPU.Build.0 = Debug|Any CPU
		{0294FA46-795F-42CD-A4EB-7FD02483DFE8}.Release|Any CPU.ActiveCfg = Release|Any CPU
		{0294FA46-795F-42CD-A4EB-7FD02483DFE8}.Release|Any CPU.Build.0 = Release|Any CPU
		{45A11758-5E80-4646-9E18-59F71D2D3591}.Debug|Any CPU.ActiveCfg = Debug|Any CPU
		{45A11758-5E80-4646-9E18-59F71D2D3591}.Debug|Any CPU.Build.0 = Debug|Any CPU
		{45A11758-5E80-4646-9E18-59F71D2D3591}.Release|Any CPU.ActiveCfg = Release|Any CPU
		{45A11758-5E80-4646-9E18-59F71D2D3591}.Release|Any CPU.Build.0 = Release|Any CPU
		{26E2B34B-8D7C-42B8-841C-D27F4BFCCD8A}.Debug|Any CPU.ActiveCfg = Debug|Any CPU
		{26E2B34B-8D7C-42B8-841C-D27F4BFCCD8A}.Debug|Any CPU.Build.0 = Debug|Any CPU
		{26E2B34B-8D7C-42B8-841C-D27F4BFCCD8A}.Release|Any CPU.ActiveCfg = Release|Any CPU
		{26E2B34B-8D7C-42B8-841C-D27F4BFCCD8A}.Release|Any CPU.Build.0 = Release|Any CPU
		{5E712E88-317E-4412-8097-1D5922056EDB}.Debug|Any CPU.ActiveCfg = Debug|Any CPU
		{5E712E88-317E-4412-8097-1D5922056EDB}.Debug|Any CPU.Build.0 = Debug|Any CPU
		{5E712E88-317E-4412-8097-1D5922056EDB}.Release|Any CPU.ActiveCfg = Release|Any CPU
		{5E712E88-317E-4412-8097-1D5922056EDB}.Release|Any CPU.Build.0 = Release|Any CPU
		{B62B90E5-471A-4E0A-AAC2-F8D62042896C}.Debug|Any CPU.ActiveCfg = Debug|Any CPU
		{B62B90E5-471A-4E0A-AAC2-F8D62042896C}.Debug|Any CPU.Build.0 = Debug|Any CPU
		{B62B90E5-471A-4E0A-AAC2-F8D62042896C}.Release|Any CPU.ActiveCfg = Release|Any CPU
		{B62B90E5-471A-4E0A-AAC2-F8D62042896C}.Release|Any CPU.Build.0 = Release|Any CPU
		{9357DAC0-2E7B-4394-AD43-305DE5AC2DF1}.Debug|Any CPU.ActiveCfg = Debug|Any CPU
		{9357DAC0-2E7B-4394-AD43-305DE5AC2DF1}.Debug|Any CPU.Build.0 = Debug|Any CPU
		{9357DAC0-2E7B-4394-AD43-305DE5AC2DF1}.Release|Any CPU.ActiveCfg = Release|Any CPU
		{9357DAC0-2E7B-4394-AD43-305DE5AC2DF1}.Release|Any CPU.Build.0 = Release|Any CPU
		{6C2862AB-9938-4802-8B90-6454CE24198D}.Debug|Any CPU.ActiveCfg = Debug|Any CPU
		{6C2862AB-9938-4802-8B90-6454CE24198D}.Debug|Any CPU.Build.0 = Debug|Any CPU
		{6C2862AB-9938-4802-8B90-6454CE24198D}.Release|Any CPU.ActiveCfg = Release|Any CPU
		{6C2862AB-9938-4802-8B90-6454CE24198D}.Release|Any CPU.Build.0 = Release|Any CPU
		{9A2200C2-46F7-447A-8B9C-40A81D03D0B6}.Debug|Any CPU.ActiveCfg = Debug|Any CPU
		{9A2200C2-46F7-447A-8B9C-40A81D03D0B6}.Debug|Any CPU.Build.0 = Debug|Any CPU
		{9A2200C2-46F7-447A-8B9C-40A81D03D0B6}.Release|Any CPU.ActiveCfg = Release|Any CPU
		{9A2200C2-46F7-447A-8B9C-40A81D03D0B6}.Release|Any CPU.Build.0 = Release|Any CPU
		{FC343B26-4AB3-47E7-B9EE-9EFFF0E02C7D}.Debug|Any CPU.ActiveCfg = Debug|Any CPU
		{FC343B26-4AB3-47E7-B9EE-9EFFF0E02C7D}.Debug|Any CPU.Build.0 = Debug|Any CPU
		{FC343B26-4AB3-47E7-B9EE-9EFFF0E02C7D}.Release|Any CPU.ActiveCfg = Release|Any CPU
		{FC343B26-4AB3-47E7-B9EE-9EFFF0E02C7D}.Release|Any CPU.Build.0 = Release|Any CPU
		{037EDB81-3473-4EF6-82A9-BCE5FAE1DE00}.Debug|Any CPU.ActiveCfg = Debug|Any CPU
		{037EDB81-3473-4EF6-82A9-BCE5FAE1DE00}.Debug|Any CPU.Build.0 = Debug|Any CPU
		{037EDB81-3473-4EF6-82A9-BCE5FAE1DE00}.Release|Any CPU.ActiveCfg = Release|Any CPU
		{037EDB81-3473-4EF6-82A9-BCE5FAE1DE00}.Release|Any CPU.Build.0 = Release|Any CPU
		{70C54624-CAE5-4ED6-A087-88CD1470E2B7}.Debug|Any CPU.ActiveCfg = Debug|Any CPU
		{70C54624-CAE5-4ED6-A087-88CD1470E2B7}.Debug|Any CPU.Build.0 = Debug|Any CPU
		{70C54624-CAE5-4ED6-A087-88CD1470E2B7}.Release|Any CPU.ActiveCfg = Release|Any CPU
		{70C54624-CAE5-4ED6-A087-88CD1470E2B7}.Release|Any CPU.Build.0 = Release|Any CPU
		{83F2F98D-4C23-404F-9D06-B744C87E6EF1}.Debug|Any CPU.ActiveCfg = Debug|Any CPU
		{83F2F98D-4C23-404F-9D06-B744C87E6EF1}.Debug|Any CPU.Build.0 = Debug|Any CPU
		{83F2F98D-4C23-404F-9D06-B744C87E6EF1}.Release|Any CPU.ActiveCfg = Release|Any CPU
		{83F2F98D-4C23-404F-9D06-B744C87E6EF1}.Release|Any CPU.Build.0 = Release|Any CPU
		{3140873A-7C79-408F-B7F2-C51980EFF0C4}.Debug|Any CPU.ActiveCfg = Debug|Any CPU
		{3140873A-7C79-408F-B7F2-C51980EFF0C4}.Debug|Any CPU.Build.0 = Debug|Any CPU
		{3140873A-7C79-408F-B7F2-C51980EFF0C4}.Release|Any CPU.ActiveCfg = Release|Any CPU
		{3140873A-7C79-408F-B7F2-C51980EFF0C4}.Release|Any CPU.Build.0 = Release|Any CPU
		{A26B77F8-EA82-4E04-ABE4-2CFB660CA323}.Debug|Any CPU.ActiveCfg = Debug|Any CPU
		{A26B77F8-EA82-4E04-ABE4-2CFB660CA323}.Debug|Any CPU.Build.0 = Debug|Any CPU
		{A26B77F8-EA82-4E04-ABE4-2CFB660CA323}.Release|Any CPU.ActiveCfg = Release|Any CPU
		{A26B77F8-EA82-4E04-ABE4-2CFB660CA323}.Release|Any CPU.Build.0 = Release|Any CPU
		{58E94E6E-9A9A-4E3F-ACB5-89E47CE67C39}.Debug|Any CPU.ActiveCfg = Debug|Any CPU
		{58E94E6E-9A9A-4E3F-ACB5-89E47CE67C39}.Debug|Any CPU.Build.0 = Debug|Any CPU
		{58E94E6E-9A9A-4E3F-ACB5-89E47CE67C39}.Release|Any CPU.ActiveCfg = Release|Any CPU
		{58E94E6E-9A9A-4E3F-ACB5-89E47CE67C39}.Release|Any CPU.Build.0 = Release|Any CPU
		{4E628A1A-953A-4274-B4EF-F33E943A650D}.Debug|Any CPU.ActiveCfg = Debug|Any CPU
		{4E628A1A-953A-4274-B4EF-F33E943A650D}.Debug|Any CPU.Build.0 = Debug|Any CPU
		{4E628A1A-953A-4274-B4EF-F33E943A650D}.Release|Any CPU.ActiveCfg = Release|Any CPU
		{4E628A1A-953A-4274-B4EF-F33E943A650D}.Release|Any CPU.Build.0 = Release|Any CPU
		{ED92EBC6-C297-46AE-998B-155A26442AA5}.Debug|Any CPU.ActiveCfg = Debug|Any CPU
		{ED92EBC6-C297-46AE-998B-155A26442AA5}.Debug|Any CPU.Build.0 = Debug|Any CPU
		{ED92EBC6-C297-46AE-998B-155A26442AA5}.Release|Any CPU.ActiveCfg = Release|Any CPU
		{ED92EBC6-C297-46AE-998B-155A26442AA5}.Release|Any CPU.Build.0 = Release|Any CPU
		{CA248700-A9E0-433E-98FE-4E1C6844811F}.Debug|Any CPU.ActiveCfg = Debug|Any CPU
		{CA248700-A9E0-433E-98FE-4E1C6844811F}.Debug|Any CPU.Build.0 = Debug|Any CPU
		{CA248700-A9E0-433E-98FE-4E1C6844811F}.Release|Any CPU.ActiveCfg = Release|Any CPU
		{CA248700-A9E0-433E-98FE-4E1C6844811F}.Release|Any CPU.Build.0 = Release|Any CPU
		{FF482B6D-D459-413E-82E0-9175C44DA8BA}.Debug|Any CPU.ActiveCfg = Debug|Any CPU
		{FF482B6D-D459-413E-82E0-9175C44DA8BA}.Debug|Any CPU.Build.0 = Debug|Any CPU
		{FF482B6D-D459-413E-82E0-9175C44DA8BA}.Release|Any CPU.ActiveCfg = Release|Any CPU
		{FF482B6D-D459-413E-82E0-9175C44DA8BA}.Release|Any CPU.Build.0 = Release|Any CPU
	EndGlobalSection
	GlobalSection(SolutionProperties) = preSolution
		HideSolutionNode = FALSE
	EndGlobalSection
	GlobalSection(NestedProjects) = preSolution
		{D0A3F2FC-664B-4A9D-ACF9-F00EF8E9DFE1} = {2A7105AA-05B6-469A-93F5-719723A4D90D}
		{606AB477-7D63-48EB-814C-46DFE03CB6DE} = {D0A3F2FC-664B-4A9D-ACF9-F00EF8E9DFE1}
		{D913C0D3-85B9-4E89-82D6-8371FB6C99E7} = {2A7105AA-05B6-469A-93F5-719723A4D90D}
		{09FCE791-BA8C-4E6A-9B40-673AA095BA63} = {D913C0D3-85B9-4E89-82D6-8371FB6C99E7}
		{725C6F3A-7BD1-45CB-BFB1-61205DF77A57} = {2A7105AA-05B6-469A-93F5-719723A4D90D}
		{CDFDCA4A-A0D4-442D-AF94-5FEC0A8DA426} = {725C6F3A-7BD1-45CB-BFB1-61205DF77A57}
		{B4F3B9F5-8B67-4970-B47C-28800245EBC2} = {725C6F3A-7BD1-45CB-BFB1-61205DF77A57}
		{5E8DD138-4501-40C4-9D54-9B68C1B580D3} = {2A7105AA-05B6-469A-93F5-719723A4D90D}
		{EB431027-75E0-4FAE-A52E-74E3692D3C3C} = {D913C0D3-85B9-4E89-82D6-8371FB6C99E7}
		{6D44FA39-9E85-4A23-B627-AA4223F9DB8B} = {D913C0D3-85B9-4E89-82D6-8371FB6C99E7}
		{354E69EA-9EA1-4F7E-A3C2-372DFB259C35} = {2A7105AA-05B6-469A-93F5-719723A4D90D}
		{78108EE7-4A12-4F93-B01E-DF893B4ECC3B} = {354E69EA-9EA1-4F7E-A3C2-372DFB259C35}
		{6DC31DC0-6CA9-434D-B0E9-A7530243CFA7} = {354E69EA-9EA1-4F7E-A3C2-372DFB259C35}
		{99FFD9AA-7AEB-4A9D-881D-00B7277C3494} = {2A7105AA-05B6-469A-93F5-719723A4D90D}
		{C0BB093E-AFAC-4757-8D91-5A1556FF8E71} = {2A7105AA-05B6-469A-93F5-719723A4D90D}
		{C7F8E3EB-898A-4524-A758-6FEE281DFB9B} = {C0BB093E-AFAC-4757-8D91-5A1556FF8E71}
		{E20A8191-0AAB-41B3-9099-5F8F5D6648DB} = {2A7105AA-05B6-469A-93F5-719723A4D90D}
		{D2AE77DF-C207-47B3-ACE6-3E975A5AF40B} = {E20A8191-0AAB-41B3-9099-5F8F5D6648DB}
		{AF351D4F-8E2A-480E-B26F-920D603C20A3} = {E20A8191-0AAB-41B3-9099-5F8F5D6648DB}
		{30EF6792-1BFB-4525-BE76-C30A740D3B0B} = {E20A8191-0AAB-41B3-9099-5F8F5D6648DB}
		{B485D7EE-B71A-41DE-9518-60F9B7FA8AE4} = {2A7105AA-05B6-469A-93F5-719723A4D90D}
		{B2DCBCA8-4CC4-4286-ABF3-C88CFBBA500B} = {2A7105AA-05B6-469A-93F5-719723A4D90D}
		{A3A32F0D-2344-40FE-BF1F-EF3146BB6B14} = {B2DCBCA8-4CC4-4286-ABF3-C88CFBBA500B}
		{63937BBB-9B68-4841-BD22-72C3C723953E} = {354E69EA-9EA1-4F7E-A3C2-372DFB259C35}
		{AEF54AE0-F2A6-4EEE-9E69-D82E31AACB4C} = {B485D7EE-B71A-41DE-9518-60F9B7FA8AE4}
		{44D2EC83-4BC6-4C69-88BF-924A3FCAA1F6} = {354E69EA-9EA1-4F7E-A3C2-372DFB259C35}
		{B022D220-EEE7-4FBC-A7D5-FC00F16C1A36} = {354E69EA-9EA1-4F7E-A3C2-372DFB259C35}
		{C57A6AD0-A0AB-45F3-BC32-58E469CACC15} = {D913C0D3-85B9-4E89-82D6-8371FB6C99E7}
		{02EB95BA-07BE-441F-ADC7-3363AC17814C} = {DB7A40EE-F469-4B87-A629-250BBB9ECC92}
		{20FCFF4D-882F-4663-81F4-A146D17B62A0} = {2A7105AA-05B6-469A-93F5-719723A4D90D}
		{4687771E-6F0E-40C8-8C0A-DEDC20260604} = {20FCFF4D-882F-4663-81F4-A146D17B62A0}
		{A815C965-84FF-4880-800E-CCFEEF017A41} = {9A3F55B8-E867-4EA2-B1FA-0C01DE79463E}
		{61B4DBCC-2F85-4F8F-9DF9-E5A4EC17334B} = {72E179CA-7AE6-412A-856D-7BD13838E8E3}
		{7B596434-1314-49F9-B31C-F09D9CC288E0} = {2A7105AA-05B6-469A-93F5-719723A4D90D}
		{F8FBA4A0-84A7-4502-A1A9-02C7F1464EA9} = {7B596434-1314-49F9-B31C-F09D9CC288E0}
		{8B8FA74D-FF25-42E0-9191-7C2E4112B714} = {7B596434-1314-49F9-B31C-F09D9CC288E0}
		{9943E5E7-1FB9-4BF5-899A-034B008E13C8} = {72E179CA-7AE6-412A-856D-7BD13838E8E3}
		{BF7FE66B-6631-4530-A02E-90C8166F155B} = {7B596434-1314-49F9-B31C-F09D9CC288E0}
		{BA8F9211-0427-4A3C-8F86-124B7CE4AECA} = {72E179CA-7AE6-412A-856D-7BD13838E8E3}
		{B025B02B-B0A0-4467-A3B2-786D32622DD3} = {5E8DD138-4501-40C4-9D54-9B68C1B580D3}
		{7E7EBA16-07F8-4F04-A0E0-803F6222FF98} = {5E8DD138-4501-40C4-9D54-9B68C1B580D3}
		{B4AF92DA-D4F4-45AF-BC8D-C45DE6348BE5} = {72E179CA-7AE6-412A-856D-7BD13838E8E3}
		{AA55240A-F447-43F8-9E0E-1B2D29C2C918} = {72E179CA-7AE6-412A-856D-7BD13838E8E3}
		{3D6B25D4-1358-4043-9B94-0E9EB27DF9C5} = {B485D7EE-B71A-41DE-9518-60F9B7FA8AE4}
		{2B60142B-B9D6-4843-A8DB-DF148B2B5670} = {72E179CA-7AE6-412A-856D-7BD13838E8E3}
		{036E33EC-60A3-4C06-95DB-F98FFB7B2A46} = {2A7105AA-05B6-469A-93F5-719723A4D90D}
		{007E2B41-126E-4E9F-8FF5-5766B39BFFE9} = {036E33EC-60A3-4C06-95DB-F98FFB7B2A46}
		{746BF851-4217-4CF8-835E-45257D95CDCB} = {2A7105AA-05B6-469A-93F5-719723A4D90D}
		{CEEF8F31-BA53-41E8-969F-7816C1D807C5} = {746BF851-4217-4CF8-835E-45257D95CDCB}
		{3E67511E-8554-4ADE-8C5F-5322C61197F9} = {746BF851-4217-4CF8-835E-45257D95CDCB}
		{41795D90-8921-49AF-AF0D-CF4191F6D098} = {746BF851-4217-4CF8-835E-45257D95CDCB}
		{9293B5B8-C4AD-4124-8962-79202417148E} = {746BF851-4217-4CF8-835E-45257D95CDCB}
		{F67BD1DC-64E3-4558-979C-4A202EFF49A1} = {746BF851-4217-4CF8-835E-45257D95CDCB}
		{81853248-5F89-40DA-914B-E91E292A6D3F} = {2A7105AA-05B6-469A-93F5-719723A4D90D}
		{4937AED7-4F7A-4B5A-A36B-298FD4D03E63} = {81853248-5F89-40DA-914B-E91E292A6D3F}
		{3D078D4E-0437-4AD1-90DE-1FD858DA595B} = {99FFD9AA-7AEB-4A9D-881D-00B7277C3494}
		{74B31A58-28CB-4B90-B2A4-C64F339FC93D} = {99FFD9AA-7AEB-4A9D-881D-00B7277C3494}
		{30E75E1A-146F-422E-8C14-3AE0F7FB99B1} = {99FFD9AA-7AEB-4A9D-881D-00B7277C3494}
		{5D68956E-580F-4A2A-B13F-1477E6DE6FCF} = {20FCFF4D-882F-4663-81F4-A146D17B62A0}
		{F31389F0-613B-48B1-AA99-6BFC3D8D7D1A} = {2A7105AA-05B6-469A-93F5-719723A4D90D}
		{3B1E60AF-5B5C-4BED-8AAF-79167CF5E2C0} = {F31389F0-613B-48B1-AA99-6BFC3D8D7D1A}
		{0D77E6F7-5D76-4DF0-BE57-BA459951CD2F} = {354E69EA-9EA1-4F7E-A3C2-372DFB259C35}
		{F708D571-2BF4-4F2D-9711-B00D245A0BB3} = {D913C0D3-85B9-4E89-82D6-8371FB6C99E7}
		{E6D5CE84-542C-4125-B094-D8C67A11AF13} = {F708D571-2BF4-4F2D-9711-B00D245A0BB3}
		{584D2981-461B-4146-B19A-3F9E574E1E88} = {5A3FFD14-2258-4007-AC77-BAFB3B3EB26F}
		{069660C3-2C29-481B-8872-2973300E4D51} = {5A3FFD14-2258-4007-AC77-BAFB3B3EB26F}
		{8041FA2E-F624-40A3-BE38-DBFA19459427} = {5A3FFD14-2258-4007-AC77-BAFB3B3EB26F}
		{E7B570E7-77F8-4ACF-86B1-1A8CB6E4D3B5} = {5A3FFD14-2258-4007-AC77-BAFB3B3EB26F}
		{BCD7A5C9-216B-4857-863D-FC7B7BC2CCF0} = {5A3FFD14-2258-4007-AC77-BAFB3B3EB26F}
		{4BA4A706-B104-4EC3-8446-988075EDC7E6} = {5A3FFD14-2258-4007-AC77-BAFB3B3EB26F}
		{AD94B2A3-6D92-418C-B675-8E267557571A} = {5A3FFD14-2258-4007-AC77-BAFB3B3EB26F}
		{3D18D70C-CA15-4785-9BE1-6594C632F170} = {5A3FFD14-2258-4007-AC77-BAFB3B3EB26F}
		{D0EA1E59-CE0A-4D63-93CA-3C1F7BCF8567} = {5A3FFD14-2258-4007-AC77-BAFB3B3EB26F}
		{498B9B83-7E86-4E66-BD0B-E420BE6C66F6} = {5A3FFD14-2258-4007-AC77-BAFB3B3EB26F}
		{1017F28A-9469-4EF2-9091-2AF58C0F2055} = {5A3FFD14-2258-4007-AC77-BAFB3B3EB26F}
		{F27D8B0A-8732-4D25-BA27-77EF7E7DB900} = {5A3FFD14-2258-4007-AC77-BAFB3B3EB26F}
		{229F1BAC-9E1F-4182-B85C-0E6BAB9BBC34} = {5A3FFD14-2258-4007-AC77-BAFB3B3EB26F}
		{D3CD78BE-AC19-4B6D-BB6A-55CA2D86C601} = {5A3FFD14-2258-4007-AC77-BAFB3B3EB26F}
		{0294FA46-795F-42CD-A4EB-7FD02483DFE8} = {5A3FFD14-2258-4007-AC77-BAFB3B3EB26F}
		{45A11758-5E80-4646-9E18-59F71D2D3591} = {5A3FFD14-2258-4007-AC77-BAFB3B3EB26F}
		{26E2B34B-8D7C-42B8-841C-D27F4BFCCD8A} = {5A3FFD14-2258-4007-AC77-BAFB3B3EB26F}
		{9A3F55B8-E867-4EA2-B1FA-0C01DE79463E} = {2A7105AA-05B6-469A-93F5-719723A4D90D}
		{5E712E88-317E-4412-8097-1D5922056EDB} = {F708D571-2BF4-4F2D-9711-B00D245A0BB3}
		{B62B90E5-471A-4E0A-AAC2-F8D62042896C} = {B485D7EE-B71A-41DE-9518-60F9B7FA8AE4}
		{9357DAC0-2E7B-4394-AD43-305DE5AC2DF1} = {B485D7EE-B71A-41DE-9518-60F9B7FA8AE4}
		{6C2862AB-9938-4802-8B90-6454CE24198D} = {B485D7EE-B71A-41DE-9518-60F9B7FA8AE4}
		{9A2200C2-46F7-447A-8B9C-40A81D03D0B6} = {5A3FFD14-2258-4007-AC77-BAFB3B3EB26F}
		{FC343B26-4AB3-47E7-B9EE-9EFFF0E02C7D} = {5A3FFD14-2258-4007-AC77-BAFB3B3EB26F}
		{037EDB81-3473-4EF6-82A9-BCE5FAE1DE00} = {72E179CA-7AE6-412A-856D-7BD13838E8E3}
		{23126211-23BF-4399-A227-6C609FB7505E} = {2A7105AA-05B6-469A-93F5-719723A4D90D}
		{70C54624-CAE5-4ED6-A087-88CD1470E2B7} = {23126211-23BF-4399-A227-6C609FB7505E}
		{83F2F98D-4C23-404F-9D06-B744C87E6EF1} = {23126211-23BF-4399-A227-6C609FB7505E}
		{3140873A-7C79-408F-B7F2-C51980EFF0C4} = {23126211-23BF-4399-A227-6C609FB7505E}
		{DD74AD8A-E88F-479A-82CE-32F818BE438D} = {2A7105AA-05B6-469A-93F5-719723A4D90D}
		{A26B77F8-EA82-4E04-ABE4-2CFB660CA323} = {DD74AD8A-E88F-479A-82CE-32F818BE438D}
		{7EA4E4D9-BC5F-401A-A143-99816D46ABC2} = {FCD8D558-7F1F-4D2E-B2EA-DE412BCEE1F7}
		{6CAB0BC8-210F-4AFF-902F-91F3BFF64CC8} = {FCD8D558-7F1F-4D2E-B2EA-DE412BCEE1F7}
		{58E94E6E-9A9A-4E3F-ACB5-89E47CE67C39} = {72E179CA-7AE6-412A-856D-7BD13838E8E3}
		{CDCF2469-1668-4EB0-A73F-692115CF6776} = {2A7105AA-05B6-469A-93F5-719723A4D90D}
		{4E628A1A-953A-4274-B4EF-F33E943A650D} = {CDCF2469-1668-4EB0-A73F-692115CF6776}
		{ED92EBC6-C297-46AE-998B-155A26442AA5} = {CDCF2469-1668-4EB0-A73F-692115CF6776}
		{CA248700-A9E0-433E-98FE-4E1C6844811F} = {72E179CA-7AE6-412A-856D-7BD13838E8E3}
		{FF482B6D-D459-413E-82E0-9175C44DA8BA} = {5A3FFD14-2258-4007-AC77-BAFB3B3EB26F}
	EndGlobalSection
	GlobalSection(ExtensibilityGlobals) = postSolution
		SolutionGuid = {EE24476B-9A4C-4146-B982-3461FAF8B3B0}
	EndGlobalSection
EndGlobal
