Microsoft Visual Studio Solution File, Format Version 12.00
# Visual Studio Version 17
VisualStudioVersion = 17.0.31903.59
MinimumVisualStudioVersion = 10.0.40219.1
Project("{2150E333-8FDC-42A3-9474-1A3956D46DE8}") = "Core", "Core", "{D0A3F2FC-664B-4A9D-ACF9-F00EF8E9DFE1}"
EndProject
Project("{9A19103F-16F7-4668-BE54-9A1E7A4F7556}") = "CreativeCoders.Core", "Core\CreativeCoders.Core\CreativeCoders.Core.csproj", "{606AB477-7D63-48EB-814C-46DFE03CB6DE}"
EndProject
Project("{2150E333-8FDC-42A3-9474-1A3956D46DE8}") = "Data", "Data", "{D913C0D3-85B9-4E89-82D6-8371FB6C99E7}"
EndProject
Project("{9A19103F-16F7-4668-BE54-9A1E7A4F7556}") = "CreativeCoders.Data", "Data\CreativeCoders.Data\CreativeCoders.Data.csproj", "{09FCE791-BA8C-4E6A-9B40-673AA095BA63}"
EndProject
Project("{2150E333-8FDC-42A3-9474-1A3956D46DE8}") = "CodeCompilation", "CodeCompilation", "{725C6F3A-7BD1-45CB-BFB1-61205DF77A57}"
EndProject
Project("{9A19103F-16F7-4668-BE54-9A1E7A4F7556}") = "CreativeCoders.CodeCompilation", "CodeCompilation\CreativeCoders.CodeCompilation\CreativeCoders.CodeCompilation.csproj", "{CDFDCA4A-A0D4-442D-AF94-5FEC0A8DA426}"
EndProject
Project("{9A19103F-16F7-4668-BE54-9A1E7A4F7556}") = "CreativeCoders.CodeCompilation.Roslyn", "CodeCompilation\CreativeCoders.CodeCompilation.Roslyn\CreativeCoders.CodeCompilation.Roslyn.csproj", "{B4F3B9F5-8B67-4970-B47C-28800245EBC2}"
EndProject
Project("{2150E333-8FDC-42A3-9474-1A3956D46DE8}") = "Scripting", "Scripting", "{5E8DD138-4501-40C4-9D54-9B68C1B580D3}"
EndProject
Project("{9A19103F-16F7-4668-BE54-9A1E7A4F7556}") = "CreativeCoders.Data.EfCore", "Data\CreativeCoders.Data.EfCore\CreativeCoders.Data.EfCore.csproj", "{EB431027-75E0-4FAE-A52E-74E3692D3C3C}"
EndProject
Project("{9A19103F-16F7-4668-BE54-9A1E7A4F7556}") = "CreativeCoders.Data.Nhibernate", "Data\CreativeCoders.Data.Nhibernate\CreativeCoders.Data.Nhibernate.csproj", "{6D44FA39-9E85-4A23-B627-AA4223F9DB8B}"
EndProject
Project("{2150E333-8FDC-42A3-9474-1A3956D46DE8}") = "Mvvm", "Mvvm", "{FADEB579-B16F-4C44-B82D-1ECEC5884E51}"
EndProject
Project("{9A19103F-16F7-4668-BE54-9A1E7A4F7556}") = "CreativeCoders.Mvvm", "Mvvm\CreativeCoders.Mvvm\CreativeCoders.Mvvm.csproj", "{6CDB212D-7BC6-4C3F-A878-B438F6C2ED67}"
EndProject
Project("{2150E333-8FDC-42A3-9474-1A3956D46DE8}") = "DialogServices", "DialogServices", "{E3663C3B-6BD5-4FC4-8799-3265C8423530}"
EndProject
Project("{2150E333-8FDC-42A3-9474-1A3956D46DE8}") = "FileDialogService", "FileDialogService", "{B1EF7907-7C14-49DC-9DE9-A8A9E09766B3}"
EndProject
Project("{2150E333-8FDC-42A3-9474-1A3956D46DE8}") = "Ribbon", "Ribbon", "{F821FFB3-C266-4FC7-8618-3B047011D6E5}"
EndProject
Project("{2150E333-8FDC-42A3-9474-1A3956D46DE8}") = "Skeletor", "Skeletor", "{592C82FA-C70A-498A-8901-4E808F42FA1D}"
EndProject
Project("{9A19103F-16F7-4668-BE54-9A1E7A4F7556}") = "CreativeCoders.Mvvm.FileDialogService", "Mvvm\CreativeCoders.Mvvm.FileDialogService\CreativeCoders.Mvvm.FileDialogService.csproj", "{22866C99-FA70-4C8B-B741-9E547D9A95CF}"
EndProject
Project("{9A19103F-16F7-4668-BE54-9A1E7A4F7556}") = "CreativeCoders.Mvvm.Ribbon", "Mvvm\CreativeCoders.Mvvm.Ribbon\CreativeCoders.Mvvm.Ribbon.csproj", "{3426447F-61CA-4F72-8245-39773106A2B7}"
EndProject
Project("{9A19103F-16F7-4668-BE54-9A1E7A4F7556}") = "CreativeCoders.Mvvm.Skeletor", "Mvvm\CreativeCoders.Mvvm.Skeletor\CreativeCoders.Mvvm.Skeletor.csproj", "{F5F68BC3-5A7C-47CD-86D5-2E6F7BB264A6}"
EndProject
Project("{2150E333-8FDC-42A3-9474-1A3956D46DE8}") = "UnitTests", "UnitTests", "{9A3F55B8-E867-4EA2-B1FA-0C01DE79463E}"
EndProject
Project("{9A19103F-16F7-4668-BE54-9A1E7A4F7556}") = "CreativeCoders.Core.UnitTests", "UnitTests\CreativeCoders.Core.UnitTests\CreativeCoders.Core.UnitTests.csproj", "{FE589318-83FA-4705-A19A-B7CDBA97E1FB}"
EndProject
Project("{2150E333-8FDC-42A3-9474-1A3956D46DE8}") = "Net", "Net", "{354E69EA-9EA1-4F7E-A3C2-372DFB259C35}"
EndProject
Project("{9A19103F-16F7-4668-BE54-9A1E7A4F7556}") = "CreativeCoders.Net", "Net\CreativeCoders.Net\CreativeCoders.Net.csproj", "{78108EE7-4A12-4F93-B01E-DF893B4ECC3B}"
EndProject
Project("{9A19103F-16F7-4668-BE54-9A1E7A4F7556}") = "CreativeCoders.Net.Avm", "Net\CreativeCoders.Net.Avm\CreativeCoders.Net.Avm.csproj", "{6DC31DC0-6CA9-434D-B0E9-A7530243CFA7}"
EndProject
Project("{9A19103F-16F7-4668-BE54-9A1E7A4F7556}") = "CreativeCoders.Mvvm.UnitTests", "UnitTests\CreativeCoders.Mvvm.UnitTests\CreativeCoders.Mvvm.UnitTests.csproj", "{D8BCE40C-C50E-417B-9D22-FB0156B4A5AB}"
EndProject
Project("{2150E333-8FDC-42A3-9474-1A3956D46DE8}") = "Daemon", "Daemon", "{99FFD9AA-7AEB-4A9D-881D-00B7277C3494}"
EndProject
Project("{2150E333-8FDC-42A3-9474-1A3956D46DE8}") = "Reactive", "Reactive", "{C0BB093E-AFAC-4757-8D91-5A1556FF8E71}"
EndProject
Project("{9A19103F-16F7-4668-BE54-9A1E7A4F7556}") = "CreativeCoders.Reactive.Messaging", "Reactive\CreativeCoders.Reactive.Messaging\CreativeCoders.Reactive.Messaging.csproj", "{C7F8E3EB-898A-4524-A758-6FEE281DFB9B}"
EndProject
Project("{9A19103F-16F7-4668-BE54-9A1E7A4F7556}") = "CreativeCoders.Reactive.UnitTests", "UnitTests\CreativeCoders.Reactive.UnitTests\CreativeCoders.Reactive.UnitTests.csproj", "{03BA91FE-63EB-4BCC-BC62-3FA637B82FF4}"
EndProject
Project("{2150E333-8FDC-42A3-9474-1A3956D46DE8}") = "Config", "Config", "{E20A8191-0AAB-41B3-9099-5F8F5D6648DB}"
EndProject
Project("{9A19103F-16F7-4668-BE54-9A1E7A4F7556}") = "CreativeCoders.Config.Base", "Config\CreativeCoders.Config.Base\CreativeCoders.Config.Base.csproj", "{D2AE77DF-C207-47B3-ACE6-3E975A5AF40B}"
EndProject
Project("{9A19103F-16F7-4668-BE54-9A1E7A4F7556}") = "CreativeCoders.Config", "Config\CreativeCoders.Config\CreativeCoders.Config.csproj", "{AF351D4F-8E2A-480E-B26F-920D603C20A3}"
EndProject
Project("{9A19103F-16F7-4668-BE54-9A1E7A4F7556}") = "CreativeCoders.Config.Sources", "Config\CreativeCoders.Config.Sources\CreativeCoders.Config.Sources.csproj", "{30EF6792-1BFB-4525-BE76-C30A740D3B0B}"
EndProject
Project("{2150E333-8FDC-42A3-9474-1A3956D46DE8}") = "Windows", "Windows", "{A35A17E3-623C-478F-8795-7F23B8DA5E26}"
EndProject
Project("{9A19103F-16F7-4668-BE54-9A1E7A4F7556}") = "CreativeCoders.Windows", "Windows\CreativeCoders.Windows\CreativeCoders.Windows.csproj", "{D990511C-2FA4-4A6F-9CA3-49FDDC48F037}"
EndProject
Project("{2150E333-8FDC-42A3-9474-1A3956D46DE8}") = "AspNetCore", "AspNetCore", "{B485D7EE-B71A-41DE-9518-60F9B7FA8AE4}"
EndProject
Project("{9A19103F-16F7-4668-BE54-9A1E7A4F7556}") = "CreativeCoders.AspNetCore.TokenAuth", "AspNetCore\CreativeCoders.AspNetCore.TokenAuth\CreativeCoders.AspNetCore.TokenAuth.csproj", "{F6BB6ACA-CB30-4F2B-9E1B-7A27EFEC9B07}"
EndProject
Project("{9A19103F-16F7-4668-BE54-9A1E7A4F7556}") = "CreativeCoders.AspNetCore.Jwt", "AspNetCore\CreativeCoders.AspNetCore.Jwt\CreativeCoders.AspNetCore.Jwt.csproj", "{2E2CC64B-50DB-480E-9BB8-0F1C7C511534}"
EndProject
Project("{2150E333-8FDC-42A3-9474-1A3956D46DE8}") = "DynamicCode", "DynamicCode", "{B2DCBCA8-4CC4-4286-ABF3-C88CFBBA500B}"
EndProject
Project("{9A19103F-16F7-4668-BE54-9A1E7A4F7556}") = "CreativeCoders.DynamicCode.Proxying", "DynamicCode\CreativeCoders.DynamicCode.Proxying\CreativeCoders.DynamicCode.Proxying.csproj", "{A3A32F0D-2344-40FE-BF1F-EF3146BB6B14}"
EndProject
Project("{9A19103F-16F7-4668-BE54-9A1E7A4F7556}") = "CreativeCoders.Net.WebApi", "Net\CreativeCoders.Net.WebApi\CreativeCoders.Net.WebApi.csproj", "{63937BBB-9B68-4841-BD22-72C3C723953E}"
EndProject
Project("{9A19103F-16F7-4668-BE54-9A1E7A4F7556}") = "CreativeCoders.AspNetCore", "AspNetCore\CreativeCoders.AspNetCore\CreativeCoders.AspNetCore.csproj", "{AEF54AE0-F2A6-4EEE-9E69-D82E31AACB4C}"
EndProject
Project("{9A19103F-16F7-4668-BE54-9A1E7A4F7556}") = "CreativeCoders.Net.UnitTests", "UnitTests\CreativeCoders.Net.UnitTests\CreativeCoders.Net.UnitTests.csproj", "{A87B05E2-A506-4A0E-BF89-D34D67462441}"
EndProject
Project("{9A19103F-16F7-4668-BE54-9A1E7A4F7556}") = "CreativeCoders.Net.XmlRpc", "Net\CreativeCoders.Net.XmlRpc\CreativeCoders.Net.XmlRpc.csproj", "{44D2EC83-4BC6-4C69-88BF-924A3FCAA1F6}"
EndProject
Project("{9A19103F-16F7-4668-BE54-9A1E7A4F7556}") = "CreativeCoders.Net.Servers.Http.AspNetCore", "Net\CreativeCoders.Net.Servers.Http.AspNetCore\CreativeCoders.Net.Servers.Http.AspNetCore.csproj", "{B022D220-EEE7-4FBC-A7D5-FC00F16C1A36}"
EndProject
Project("{9A19103F-16F7-4668-BE54-9A1E7A4F7556}") = "CreativeCoders.Data.EfCore.SqlServer", "Data\CreativeCoders.Data.EfCore.SqlServer\CreativeCoders.Data.EfCore.SqlServer.csproj", "{C57A6AD0-A0AB-45F3-BC32-58E469CACC15}"
EndProject
Project("{9A19103F-16F7-4668-BE54-9A1E7A4F7556}") = "_build", "..\build\_build.csproj", "{02EB95BA-07BE-441F-ADC7-3363AC17814C}"
EndProject
Project("{2150E333-8FDC-42A3-9474-1A3956D46DE8}") = "_build", "_build", "{DB7A40EE-F469-4B87-A629-250BBB9ECC92}"
EndProject
Project("{2150E333-8FDC-42A3-9474-1A3956D46DE8}") = "NukeBuild", "NukeBuild", "{20FCFF4D-882F-4663-81F4-A146D17B62A0}"
EndProject
Project("{9A19103F-16F7-4668-BE54-9A1E7A4F7556}") = "CreativeCoders.NukeBuild", "NukeBuild\CreativeCoders.NukeBuild\CreativeCoders.NukeBuild.csproj", "{4687771E-6F0E-40C8-8C0A-DEDC20260604}"
EndProject
Project("{2150E333-8FDC-42A3-9474-1A3956D46DE8}") = "Samples", "Samples", "{72E179CA-7AE6-412A-856D-7BD13838E8E3}"
EndProject
Project("{9A19103F-16F7-4668-BE54-9A1E7A4F7556}") = "CreativeCoders.Mvvm.Ribbon.FluentRibbon", "Mvvm\CreativeCoders.Mvvm.Ribbon.FluentRibbon\CreativeCoders.Mvvm.Ribbon.FluentRibbon.csproj", "{3F7DDD23-5DED-4008-B637-F618DE9AD1F1}"
EndProject
Project("{9A19103F-16F7-4668-BE54-9A1E7A4F7556}") = "CreativeCoders.UnitTests", "UnitTests\CreativeCoders.UnitTests\CreativeCoders.UnitTests.csproj", "{A815C965-84FF-4880-800E-CCFEEF017A41}"
EndProject
Project("{2150E333-8FDC-42A3-9474-1A3956D46DE8}") = "Wpf", "Wpf", "{FBC32DFA-90EB-442F-834D-4F6ADA7E9DE5}"
EndProject
Project("{9A19103F-16F7-4668-BE54-9A1E7A4F7556}") = "CreativeCoders.Mvvm.Wpf", "Mvvm\CreativeCoders.Mvvm.Wpf\CreativeCoders.Mvvm.Wpf.csproj", "{074BB6B0-2E06-4F36-8C2A-F9C374B63F35}"
EndProject
Project("{2150E333-8FDC-42A3-9474-1A3956D46DE8}") = "__global", "__global", "{92288F2D-DE57-4018-855B-BD7F2344265F}"
	ProjectSection(SolutionItems) = preProject
		.editorconfig = .editorconfig
		..\.gitattributes = ..\.gitattributes
		..\.gitignore = ..\.gitignore
		..\LICENSE = ..\LICENSE
		..\README.md = ..\README.md
		..\GitVersion.yml = ..\GitVersion.yml
		..\global.json = ..\global.json
	EndProjectSection
EndProject
Project("{9A19103F-16F7-4668-BE54-9A1E7A4F7556}") = "RibbonSampleApp", "Samples\RibbonSampleApp\RibbonSampleApp.csproj", "{5424651E-ACDD-4C7F-BE70-819A89308152}"
EndProject
Project("{9A19103F-16F7-4668-BE54-9A1E7A4F7556}") = "SkeletorSampleApp", "Samples\SkeletorSampleApp\SkeletorSampleApp.csproj", "{84500D7A-8C0E-4A55-B1CA-AB67D159F8C9}"
EndProject
Project("{9A19103F-16F7-4668-BE54-9A1E7A4F7556}") = "XmlRpcSampleApp", "Samples\XmlRpcSampleApp\XmlRpcSampleApp.csproj", "{61B4DBCC-2F85-4F8F-9DF9-E5A4EC17334B}"
EndProject
Project("{2150E333-8FDC-42A3-9474-1A3956D46DE8}") = "Messaging", "Messaging", "{7B596434-1314-49F9-B31C-F09D9CC288E0}"
EndProject
Project("{9A19103F-16F7-4668-BE54-9A1E7A4F7556}") = "CreativeCoders.Messaging.Core", "Messaging\CreativeCoders.Messaging.Core\CreativeCoders.Messaging.Core.csproj", "{F8FBA4A0-84A7-4502-A1A9-02C7F1464EA9}"
EndProject
Project("{9A19103F-16F7-4668-BE54-9A1E7A4F7556}") = "CreativeCoders.Messaging.DefaultMediator", "Messaging\CreativeCoders.Messaging.DefaultMediator\CreativeCoders.Messaging.DefaultMediator.csproj", "{8B8FA74D-FF25-42E0-9191-7C2E4112B714}"
EndProject
Project("{9A19103F-16F7-4668-BE54-9A1E7A4F7556}") = "MessagingSampleApp", "Samples\MessagingSampleApp\MessagingSampleApp.csproj", "{9943E5E7-1FB9-4BF5-899A-034B008E13C8}"
EndProject
Project("{9A19103F-16F7-4668-BE54-9A1E7A4F7556}") = "CreativeCoders.Messaging.UnitTests", "UnitTests\CreativeCoders.Messaging.UnitTests\CreativeCoders.Messaging.UnitTests.csproj", "{2DB88965-B346-40AB-BDFD-928F9AF4C935}"
EndProject
Project("{9A19103F-16F7-4668-BE54-9A1E7A4F7556}") = "CreativeCoders.Messaging.DefaultMessageQueue", "Messaging\CreativeCoders.Messaging.DefaultMessageQueue\CreativeCoders.Messaging.DefaultMessageQueue.csproj", "{BF7FE66B-6631-4530-A02E-90C8166F155B}"
EndProject
Project("{9A19103F-16F7-4668-BE54-9A1E7A4F7556}") = "NetSampleApp", "Samples\NetSampleApp\NetSampleApp.csproj", "{BA8F9211-0427-4A3C-8F86-124B7CE4AECA}"
EndProject
Project("{9A19103F-16F7-4668-BE54-9A1E7A4F7556}") = "CreativeCoders.CodeCompilation.UnitTests", "UnitTests\CreativeCoders.CodeCompilation.UnitTests\CreativeCoders.CodeCompilation.UnitTests.csproj", "{A4A4DBC3-7B96-46E9-8397-000038B2CB4F}"
EndProject
Project("{9A19103F-16F7-4668-BE54-9A1E7A4F7556}") = "CreativeCoders.Scripting.Base", "Scripting\CreativeCoders.Scripting.Base\CreativeCoders.Scripting.Base.csproj", "{B025B02B-B0A0-4467-A3B2-786D32622DD3}"
EndProject
Project("{9A19103F-16F7-4668-BE54-9A1E7A4F7556}") = "CreativeCoders.Scripting.CSharp", "Scripting\CreativeCoders.Scripting.CSharp\CreativeCoders.Scripting.CSharp.csproj", "{7E7EBA16-07F8-4F04-A0E0-803F6222FF98}"
EndProject
Project("{9A19103F-16F7-4668-BE54-9A1E7A4F7556}") = "CreativeCoders.Scripting.UnitTests", "UnitTests\CreativeCoders.Scripting.UnitTests\CreativeCoders.Scripting.UnitTests.csproj", "{6CE247F4-76B9-4CD4-BA7A-341548A717F6}"
EndProject
Project("{9A19103F-16F7-4668-BE54-9A1E7A4F7556}") = "WindowsServiceDaemonSampleApp", "Samples\WindowsServiceDaemonSampleApp\WindowsServiceDaemonSampleApp.csproj", "{B4AF92DA-D4F4-45AF-BC8D-C45DE6348BE5}"
EndProject
Project("{9A19103F-16F7-4668-BE54-9A1E7A4F7556}") = "BlazorWebAssemblySampleApp", "Samples\BlazorWebAssemblySampleApp\BlazorWebAssemblySampleApp.csproj", "{AA55240A-F447-43F8-9E0E-1B2D29C2C918}"
EndProject
Project("{9A19103F-16F7-4668-BE54-9A1E7A4F7556}") = "CreativeCoders.AspNetCore.Blazor", "AspNetCore\CreativeCoders.AspNetCore.Blazor\CreativeCoders.AspNetCore.Blazor.csproj", "{3D6B25D4-1358-4043-9B94-0E9EB27DF9C5}"
EndProject
Project("{9A19103F-16F7-4668-BE54-9A1E7A4F7556}") = "CreativeCoders.AspNetCore.Blazor.UnitTests", "UnitTests\CreativeCoders.AspNetCore.Blazor.UnitTests\CreativeCoders.AspNetCore.Blazor.UnitTests.csproj", "{BDE7FA2F-732E-4AC7-B50B-D330434D42C0}"
EndProject
Project("{9A19103F-16F7-4668-BE54-9A1E7A4F7556}") = "WindowsSampleApp", "Samples\WindowsSampleApp\WindowsSampleApp.csproj", "{4F0D9652-96FB-4BD2-B40A-CED6EE2EB507}"
EndProject
Project("{9A19103F-16F7-4668-BE54-9A1E7A4F7556}") = "WebApiSampleApp", "Samples\WebApiSampleApp\WebApiSampleApp.csproj", "{2B60142B-B9D6-4843-A8DB-DF148B2B5670}"
EndProject
Project("{9A19103F-16F7-4668-BE54-9A1E7A4F7556}") = "CreativeCoders.Mvvm.DialogServices.TaskDialog", "Mvvm\CreativeCoders.Mvvm.DialogServices.TaskDialog\CreativeCoders.Mvvm.DialogServices.TaskDialog.csproj", "{F458B646-D28E-41FD-ACB1-15FB267C4CD2}"
EndProject
Project("{9A19103F-16F7-4668-BE54-9A1E7A4F7556}") = "CreativeCoders.Mvvm.DialogServices.TaskDialog.Default", "Mvvm\CreativeCoders.Mvvm.DialogServices.TaskDialog.Default\CreativeCoders.Mvvm.DialogServices.TaskDialog.Default.csproj", "{FD4A5D95-4752-472A-914B-F44C907C5F81}"
EndProject
Project("{2150E333-8FDC-42A3-9474-1A3956D46DE8}") = "Localization", "Localization", "{036E33EC-60A3-4C06-95DB-F98FFB7B2A46}"
EndProject
Project("{9A19103F-16F7-4668-BE54-9A1E7A4F7556}") = "CreativeCoders.Localization", "Localization\CreativeCoders.Localization\CreativeCoders.Localization.csproj", "{007E2B41-126E-4E9F-8FF5-5766B39BFFE9}"
EndProject
Project("{2150E333-8FDC-42A3-9474-1A3956D46DE8}") = "source", "source", "{2A7105AA-05B6-469A-93F5-719723A4D90D}"
	ProjectSection(SolutionItems) = preProject
		Directory.Build.props = Directory.Build.props
	EndProjectSection
EndProject
Project("{9A19103F-16F7-4668-BE54-9A1E7A4F7556}") = "CreativeCoders.Localization.UnitTests", "UnitTests\CreativeCoders.Localization.UnitTests\CreativeCoders.Localization.UnitTests.csproj", "{FB495C0A-C1EE-4711-8817-E26077B55E54}"
EndProject
Project("{2150E333-8FDC-42A3-9474-1A3956D46DE8}") = "SysConsole", "SysConsole", "{746BF851-4217-4CF8-835E-45257D95CDCB}"
EndProject
Project("{9A19103F-16F7-4668-BE54-9A1E7A4F7556}") = "CreativeCoders.SysConsole.Core", "SysConsole\CreativeCoders.SysConsole.Core\CreativeCoders.SysConsole.Core.csproj", "{CEEF8F31-BA53-41E8-969F-7816C1D807C5}"
EndProject
Project("{9A19103F-16F7-4668-BE54-9A1E7A4F7556}") = "CreativeCoders.SysConsole.App", "SysConsole\CreativeCoders.SysConsole.App\CreativeCoders.SysConsole.App.csproj", "{3E67511E-8554-4ADE-8C5F-5322C61197F9}"
EndProject
Project("{9A19103F-16F7-4668-BE54-9A1E7A4F7556}") = "CreativeCoders.SysConsole.App.UnitTests", "UnitTests\CreativeCoders.SysConsole.App.UnitTests\CreativeCoders.SysConsole.App.UnitTests.csproj", "{2D77D6A4-E105-46A4-A7C4-AEDEABD09B57}"
EndProject
Project("{9A19103F-16F7-4668-BE54-9A1E7A4F7556}") = "CreativeCoders.SysConsole.CliArguments", "SysConsole\CreativeCoders.SysConsole.CliArguments\CreativeCoders.SysConsole.CliArguments.csproj", "{41795D90-8921-49AF-AF0D-CF4191F6D098}"
EndProject
Project("{9A19103F-16F7-4668-BE54-9A1E7A4F7556}") = "CreativeCoders.SysConsole.CliArguments.UnitTests", "UnitTests\CreativeCoders.SysConsole.CliArguments.UnitTests\CreativeCoders.SysConsole.CliArguments.UnitTests.csproj", "{1F40FBE3-F1E5-4A69-A3CB-0F0ECF0D43D9}"
EndProject
Project("{9A19103F-16F7-4668-BE54-9A1E7A4F7556}") = "CreativeCoders.SysConsole.Cli.Actions", "SysConsole\CreativeCoders.SysConsole.Cli.Actions\CreativeCoders.SysConsole.Cli.Actions.csproj", "{9293B5B8-C4AD-4124-8962-79202417148E}"
EndProject
Project("{9A19103F-16F7-4668-BE54-9A1E7A4F7556}") = "CreativeCoders.SysConsole.Cli.Actions.UnitTests", "UnitTests\CreativeCoders.SysConsole.Cli.Actions.UnitTests\CreativeCoders.SysConsole.Cli.Actions.UnitTests.csproj", "{46F17928-17FD-478A-9D53-0300824BBBD9}"
EndProject
Project("{9A19103F-16F7-4668-BE54-9A1E7A4F7556}") = "CreativeCoders.SysConsole.Cli.Parsing", "SysConsole\CreativeCoders.SysConsole.Cli.Parsing\CreativeCoders.SysConsole.Cli.Parsing.csproj", "{F67BD1DC-64E3-4558-979C-4A202EFF49A1}"
EndProject
Project("{9A19103F-16F7-4668-BE54-9A1E7A4F7556}") = "CreativeCoders.SysConsole.Cli.Parsing.UnitTests", "UnitTests\CreativeCoders.SysConsole.Cli.Parsing.UnitTests\CreativeCoders.SysConsole.Cli.Parsing.UnitTests.csproj", "{5A1DEACE-E03B-4CFB-93D6-875B63B6CE34}"
EndProject
Project("{2150E333-8FDC-42A3-9474-1A3956D46DE8}") = "DependencyInjection", "DependencyInjection", "{81853248-5F89-40DA-914B-E91E292A6D3F}"
EndProject
Project("{9A19103F-16F7-4668-BE54-9A1E7A4F7556}") = "CreativeCoders.DependencyInjection", "DependencyInjection\CreativeCoders.DependencyInjection\CreativeCoders.DependencyInjection.csproj", "{4937AED7-4F7A-4B5A-A36B-298FD4D03E63}"
EndProject
Project("{9A19103F-16F7-4668-BE54-9A1E7A4F7556}") = "CreativeCoders.DependencyInjection.UnitTests", "UnitTests\CreativeCoders.DependencyInjection.UnitTests\CreativeCoders.DependencyInjection.UnitTests\CreativeCoders.DependencyInjection.UnitTests.csproj", "{0E9A6907-8B18-4537-B121-12F4F322F9B7}"
EndProject
Project("{FAE04EC0-301F-11D3-BF4B-00C04F79EFBC}") = "CreativeCoders.MiscTest.UnitTests", "UnitTests\CreativeCoders.MiscTest.UnitTests\CreativeCoders.MiscTest.UnitTests.csproj", "{C029FA1D-1FAE-4E21-A21F-48DBB2286BB1}"
EndProject
Project("{FAE04EC0-301F-11D3-BF4B-00C04F79EFBC}") = "CreativeCoders.Daemon", "Daemon\CreativeCoders.Daemon\CreativeCoders.Daemon.csproj", "{3D078D4E-0437-4AD1-90DE-1FD858DA595B}"
EndProject
Project("{FAE04EC0-301F-11D3-BF4B-00C04F79EFBC}") = "CreativeCoders.Daemon.Linux", "Daemon\CreativeCoders.Daemon.Linux\CreativeCoders.Daemon.Linux.csproj", "{74B31A58-28CB-4B90-B2A4-C64F339FC93D}"
EndProject
Project("{FAE04EC0-301F-11D3-BF4B-00C04F79EFBC}") = "CreativeCoders.Daemon.Windows", "Daemon\CreativeCoders.Daemon.Windows\CreativeCoders.Daemon.Windows.csproj", "{30E75E1A-146F-422E-8C14-3AE0F7FB99B1}"
EndProject
Project("{FAE04EC0-301F-11D3-BF4B-00C04F79EFBC}") = "CreativeCoders.NukeBuild.Components", "NukeBuild\CreativeCoders.NukeBuild.Components\CreativeCoders.NukeBuild.Components.csproj", "{5D68956E-580F-4A2A-B13F-1477E6DE6FCF}"
EndProject
Project("{FAE04EC0-301F-11D3-BF4B-00C04F79EFBC}") = "CreativeCoders.SysConsole.UnitTests", "UnitTests\CreativeCoders.SysConsole.UnitTests\CreativeCoders.SysConsole.UnitTests.csproj", "{2E43D7C0-8135-4AD6-A081-069667ABA573}"
EndProject
Project("{2150E333-8FDC-42A3-9474-1A3956D46DE8}") = "IO", "IO", "{F31389F0-613B-48B1-AA99-6BFC3D8D7D1A}"
EndProject
Project("{FAE04EC0-301F-11D3-BF4B-00C04F79EFBC}") = "CreativeCoders.IO", "IO\CreativeCoders.IO\CreativeCoders.IO.csproj", "{3B1E60AF-5B5C-4BED-8AAF-79167CF5E2C0}"
EndProject
Global
	GlobalSection(SolutionConfigurationPlatforms) = preSolution
		Debug|Any CPU = Debug|Any CPU
		Release|Any CPU = Release|Any CPU
	EndGlobalSection
	GlobalSection(ProjectConfigurationPlatforms) = postSolution
		{606AB477-7D63-48EB-814C-46DFE03CB6DE}.Debug|Any CPU.ActiveCfg = Debug|Any CPU
		{606AB477-7D63-48EB-814C-46DFE03CB6DE}.Debug|Any CPU.Build.0 = Debug|Any CPU
		{606AB477-7D63-48EB-814C-46DFE03CB6DE}.Release|Any CPU.ActiveCfg = Release|Any CPU
		{606AB477-7D63-48EB-814C-46DFE03CB6DE}.Release|Any CPU.Build.0 = Release|Any CPU
		{09FCE791-BA8C-4E6A-9B40-673AA095BA63}.Debug|Any CPU.ActiveCfg = Debug|Any CPU
		{09FCE791-BA8C-4E6A-9B40-673AA095BA63}.Debug|Any CPU.Build.0 = Debug|Any CPU
		{09FCE791-BA8C-4E6A-9B40-673AA095BA63}.Release|Any CPU.ActiveCfg = Release|Any CPU
		{09FCE791-BA8C-4E6A-9B40-673AA095BA63}.Release|Any CPU.Build.0 = Release|Any CPU
		{CDFDCA4A-A0D4-442D-AF94-5FEC0A8DA426}.Debug|Any CPU.ActiveCfg = Debug|Any CPU
		{CDFDCA4A-A0D4-442D-AF94-5FEC0A8DA426}.Debug|Any CPU.Build.0 = Debug|Any CPU
		{CDFDCA4A-A0D4-442D-AF94-5FEC0A8DA426}.Release|Any CPU.ActiveCfg = Release|Any CPU
		{CDFDCA4A-A0D4-442D-AF94-5FEC0A8DA426}.Release|Any CPU.Build.0 = Release|Any CPU
		{B4F3B9F5-8B67-4970-B47C-28800245EBC2}.Debug|Any CPU.ActiveCfg = Debug|Any CPU
		{B4F3B9F5-8B67-4970-B47C-28800245EBC2}.Debug|Any CPU.Build.0 = Debug|Any CPU
		{B4F3B9F5-8B67-4970-B47C-28800245EBC2}.Release|Any CPU.ActiveCfg = Release|Any CPU
		{B4F3B9F5-8B67-4970-B47C-28800245EBC2}.Release|Any CPU.Build.0 = Release|Any CPU
		{EB431027-75E0-4FAE-A52E-74E3692D3C3C}.Debug|Any CPU.ActiveCfg = Debug|Any CPU
		{EB431027-75E0-4FAE-A52E-74E3692D3C3C}.Debug|Any CPU.Build.0 = Debug|Any CPU
		{EB431027-75E0-4FAE-A52E-74E3692D3C3C}.Release|Any CPU.ActiveCfg = Release|Any CPU
		{EB431027-75E0-4FAE-A52E-74E3692D3C3C}.Release|Any CPU.Build.0 = Release|Any CPU
		{6D44FA39-9E85-4A23-B627-AA4223F9DB8B}.Debug|Any CPU.ActiveCfg = Debug|Any CPU
		{6D44FA39-9E85-4A23-B627-AA4223F9DB8B}.Debug|Any CPU.Build.0 = Debug|Any CPU
		{6D44FA39-9E85-4A23-B627-AA4223F9DB8B}.Release|Any CPU.ActiveCfg = Release|Any CPU
		{6D44FA39-9E85-4A23-B627-AA4223F9DB8B}.Release|Any CPU.Build.0 = Release|Any CPU
		{6CDB212D-7BC6-4C3F-A878-B438F6C2ED67}.Debug|Any CPU.ActiveCfg = Debug|Any CPU
		{6CDB212D-7BC6-4C3F-A878-B438F6C2ED67}.Debug|Any CPU.Build.0 = Debug|Any CPU
		{6CDB212D-7BC6-4C3F-A878-B438F6C2ED67}.Release|Any CPU.ActiveCfg = Release|Any CPU
		{6CDB212D-7BC6-4C3F-A878-B438F6C2ED67}.Release|Any CPU.Build.0 = Release|Any CPU
		{22866C99-FA70-4C8B-B741-9E547D9A95CF}.Debug|Any CPU.ActiveCfg = Debug|Any CPU
		{22866C99-FA70-4C8B-B741-9E547D9A95CF}.Debug|Any CPU.Build.0 = Debug|Any CPU
		{22866C99-FA70-4C8B-B741-9E547D9A95CF}.Release|Any CPU.ActiveCfg = Release|Any CPU
		{22866C99-FA70-4C8B-B741-9E547D9A95CF}.Release|Any CPU.Build.0 = Release|Any CPU
		{3426447F-61CA-4F72-8245-39773106A2B7}.Debug|Any CPU.ActiveCfg = Debug|Any CPU
		{3426447F-61CA-4F72-8245-39773106A2B7}.Debug|Any CPU.Build.0 = Debug|Any CPU
		{3426447F-61CA-4F72-8245-39773106A2B7}.Release|Any CPU.ActiveCfg = Release|Any CPU
		{3426447F-61CA-4F72-8245-39773106A2B7}.Release|Any CPU.Build.0 = Release|Any CPU
		{F5F68BC3-5A7C-47CD-86D5-2E6F7BB264A6}.Debug|Any CPU.ActiveCfg = Debug|Any CPU
		{F5F68BC3-5A7C-47CD-86D5-2E6F7BB264A6}.Debug|Any CPU.Build.0 = Debug|Any CPU
		{F5F68BC3-5A7C-47CD-86D5-2E6F7BB264A6}.Release|Any CPU.ActiveCfg = Release|Any CPU
		{F5F68BC3-5A7C-47CD-86D5-2E6F7BB264A6}.Release|Any CPU.Build.0 = Release|Any CPU
		{FE589318-83FA-4705-A19A-B7CDBA97E1FB}.Debug|Any CPU.ActiveCfg = Debug|Any CPU
		{FE589318-83FA-4705-A19A-B7CDBA97E1FB}.Debug|Any CPU.Build.0 = Debug|Any CPU
		{FE589318-83FA-4705-A19A-B7CDBA97E1FB}.Release|Any CPU.ActiveCfg = Release|Any CPU
		{FE589318-83FA-4705-A19A-B7CDBA97E1FB}.Release|Any CPU.Build.0 = Release|Any CPU
		{78108EE7-4A12-4F93-B01E-DF893B4ECC3B}.Debug|Any CPU.ActiveCfg = Debug|Any CPU
		{78108EE7-4A12-4F93-B01E-DF893B4ECC3B}.Debug|Any CPU.Build.0 = Debug|Any CPU
		{78108EE7-4A12-4F93-B01E-DF893B4ECC3B}.Release|Any CPU.ActiveCfg = Release|Any CPU
		{78108EE7-4A12-4F93-B01E-DF893B4ECC3B}.Release|Any CPU.Build.0 = Release|Any CPU
		{6DC31DC0-6CA9-434D-B0E9-A7530243CFA7}.Debug|Any CPU.ActiveCfg = Debug|Any CPU
		{6DC31DC0-6CA9-434D-B0E9-A7530243CFA7}.Debug|Any CPU.Build.0 = Debug|Any CPU
		{6DC31DC0-6CA9-434D-B0E9-A7530243CFA7}.Release|Any CPU.ActiveCfg = Release|Any CPU
		{6DC31DC0-6CA9-434D-B0E9-A7530243CFA7}.Release|Any CPU.Build.0 = Release|Any CPU
		{D8BCE40C-C50E-417B-9D22-FB0156B4A5AB}.Debug|Any CPU.ActiveCfg = Debug|Any CPU
		{D8BCE40C-C50E-417B-9D22-FB0156B4A5AB}.Debug|Any CPU.Build.0 = Debug|Any CPU
		{D8BCE40C-C50E-417B-9D22-FB0156B4A5AB}.Release|Any CPU.ActiveCfg = Release|Any CPU
		{D8BCE40C-C50E-417B-9D22-FB0156B4A5AB}.Release|Any CPU.Build.0 = Release|Any CPU
		{C7F8E3EB-898A-4524-A758-6FEE281DFB9B}.Debug|Any CPU.ActiveCfg = Debug|Any CPU
		{C7F8E3EB-898A-4524-A758-6FEE281DFB9B}.Debug|Any CPU.Build.0 = Debug|Any CPU
		{C7F8E3EB-898A-4524-A758-6FEE281DFB9B}.Release|Any CPU.ActiveCfg = Release|Any CPU
		{C7F8E3EB-898A-4524-A758-6FEE281DFB9B}.Release|Any CPU.Build.0 = Release|Any CPU
		{03BA91FE-63EB-4BCC-BC62-3FA637B82FF4}.Debug|Any CPU.ActiveCfg = Debug|Any CPU
		{03BA91FE-63EB-4BCC-BC62-3FA637B82FF4}.Debug|Any CPU.Build.0 = Debug|Any CPU
		{03BA91FE-63EB-4BCC-BC62-3FA637B82FF4}.Release|Any CPU.ActiveCfg = Release|Any CPU
		{03BA91FE-63EB-4BCC-BC62-3FA637B82FF4}.Release|Any CPU.Build.0 = Release|Any CPU
		{D2AE77DF-C207-47B3-ACE6-3E975A5AF40B}.Debug|Any CPU.ActiveCfg = Debug|Any CPU
		{D2AE77DF-C207-47B3-ACE6-3E975A5AF40B}.Debug|Any CPU.Build.0 = Debug|Any CPU
		{D2AE77DF-C207-47B3-ACE6-3E975A5AF40B}.Release|Any CPU.ActiveCfg = Release|Any CPU
		{D2AE77DF-C207-47B3-ACE6-3E975A5AF40B}.Release|Any CPU.Build.0 = Release|Any CPU
		{AF351D4F-8E2A-480E-B26F-920D603C20A3}.Debug|Any CPU.ActiveCfg = Debug|Any CPU
		{AF351D4F-8E2A-480E-B26F-920D603C20A3}.Debug|Any CPU.Build.0 = Debug|Any CPU
		{AF351D4F-8E2A-480E-B26F-920D603C20A3}.Release|Any CPU.ActiveCfg = Release|Any CPU
		{AF351D4F-8E2A-480E-B26F-920D603C20A3}.Release|Any CPU.Build.0 = Release|Any CPU
		{30EF6792-1BFB-4525-BE76-C30A740D3B0B}.Debug|Any CPU.ActiveCfg = Debug|Any CPU
		{30EF6792-1BFB-4525-BE76-C30A740D3B0B}.Debug|Any CPU.Build.0 = Debug|Any CPU
		{30EF6792-1BFB-4525-BE76-C30A740D3B0B}.Release|Any CPU.ActiveCfg = Release|Any CPU
		{30EF6792-1BFB-4525-BE76-C30A740D3B0B}.Release|Any CPU.Build.0 = Release|Any CPU
		{D990511C-2FA4-4A6F-9CA3-49FDDC48F037}.Debug|Any CPU.ActiveCfg = Debug|Any CPU
		{D990511C-2FA4-4A6F-9CA3-49FDDC48F037}.Debug|Any CPU.Build.0 = Debug|Any CPU
		{D990511C-2FA4-4A6F-9CA3-49FDDC48F037}.Release|Any CPU.ActiveCfg = Release|Any CPU
		{D990511C-2FA4-4A6F-9CA3-49FDDC48F037}.Release|Any CPU.Build.0 = Release|Any CPU
		{F6BB6ACA-CB30-4F2B-9E1B-7A27EFEC9B07}.Debug|Any CPU.ActiveCfg = Debug|Any CPU
		{F6BB6ACA-CB30-4F2B-9E1B-7A27EFEC9B07}.Debug|Any CPU.Build.0 = Debug|Any CPU
		{F6BB6ACA-CB30-4F2B-9E1B-7A27EFEC9B07}.Release|Any CPU.ActiveCfg = Release|Any CPU
		{F6BB6ACA-CB30-4F2B-9E1B-7A27EFEC9B07}.Release|Any CPU.Build.0 = Release|Any CPU
		{2E2CC64B-50DB-480E-9BB8-0F1C7C511534}.Debug|Any CPU.ActiveCfg = Debug|Any CPU
		{2E2CC64B-50DB-480E-9BB8-0F1C7C511534}.Debug|Any CPU.Build.0 = Debug|Any CPU
		{2E2CC64B-50DB-480E-9BB8-0F1C7C511534}.Release|Any CPU.ActiveCfg = Release|Any CPU
		{2E2CC64B-50DB-480E-9BB8-0F1C7C511534}.Release|Any CPU.Build.0 = Release|Any CPU
		{A3A32F0D-2344-40FE-BF1F-EF3146BB6B14}.Debug|Any CPU.ActiveCfg = Debug|Any CPU
		{A3A32F0D-2344-40FE-BF1F-EF3146BB6B14}.Debug|Any CPU.Build.0 = Debug|Any CPU
		{A3A32F0D-2344-40FE-BF1F-EF3146BB6B14}.Release|Any CPU.ActiveCfg = Release|Any CPU
		{A3A32F0D-2344-40FE-BF1F-EF3146BB6B14}.Release|Any CPU.Build.0 = Release|Any CPU
		{63937BBB-9B68-4841-BD22-72C3C723953E}.Debug|Any CPU.ActiveCfg = Debug|Any CPU
		{63937BBB-9B68-4841-BD22-72C3C723953E}.Debug|Any CPU.Build.0 = Debug|Any CPU
		{63937BBB-9B68-4841-BD22-72C3C723953E}.Release|Any CPU.ActiveCfg = Release|Any CPU
		{63937BBB-9B68-4841-BD22-72C3C723953E}.Release|Any CPU.Build.0 = Release|Any CPU
		{AEF54AE0-F2A6-4EEE-9E69-D82E31AACB4C}.Debug|Any CPU.ActiveCfg = Debug|Any CPU
		{AEF54AE0-F2A6-4EEE-9E69-D82E31AACB4C}.Debug|Any CPU.Build.0 = Debug|Any CPU
		{AEF54AE0-F2A6-4EEE-9E69-D82E31AACB4C}.Release|Any CPU.ActiveCfg = Release|Any CPU
		{AEF54AE0-F2A6-4EEE-9E69-D82E31AACB4C}.Release|Any CPU.Build.0 = Release|Any CPU
		{A87B05E2-A506-4A0E-BF89-D34D67462441}.Debug|Any CPU.ActiveCfg = Debug|Any CPU
		{A87B05E2-A506-4A0E-BF89-D34D67462441}.Debug|Any CPU.Build.0 = Debug|Any CPU
		{A87B05E2-A506-4A0E-BF89-D34D67462441}.Release|Any CPU.ActiveCfg = Release|Any CPU
		{A87B05E2-A506-4A0E-BF89-D34D67462441}.Release|Any CPU.Build.0 = Release|Any CPU
		{44D2EC83-4BC6-4C69-88BF-924A3FCAA1F6}.Debug|Any CPU.ActiveCfg = Debug|Any CPU
		{44D2EC83-4BC6-4C69-88BF-924A3FCAA1F6}.Debug|Any CPU.Build.0 = Debug|Any CPU
		{44D2EC83-4BC6-4C69-88BF-924A3FCAA1F6}.Release|Any CPU.ActiveCfg = Release|Any CPU
		{44D2EC83-4BC6-4C69-88BF-924A3FCAA1F6}.Release|Any CPU.Build.0 = Release|Any CPU
		{B022D220-EEE7-4FBC-A7D5-FC00F16C1A36}.Debug|Any CPU.ActiveCfg = Debug|Any CPU
		{B022D220-EEE7-4FBC-A7D5-FC00F16C1A36}.Debug|Any CPU.Build.0 = Debug|Any CPU
		{B022D220-EEE7-4FBC-A7D5-FC00F16C1A36}.Release|Any CPU.ActiveCfg = Release|Any CPU
		{B022D220-EEE7-4FBC-A7D5-FC00F16C1A36}.Release|Any CPU.Build.0 = Release|Any CPU
		{C57A6AD0-A0AB-45F3-BC32-58E469CACC15}.Debug|Any CPU.ActiveCfg = Debug|Any CPU
		{C57A6AD0-A0AB-45F3-BC32-58E469CACC15}.Debug|Any CPU.Build.0 = Debug|Any CPU
		{C57A6AD0-A0AB-45F3-BC32-58E469CACC15}.Release|Any CPU.ActiveCfg = Release|Any CPU
		{C57A6AD0-A0AB-45F3-BC32-58E469CACC15}.Release|Any CPU.Build.0 = Release|Any CPU
		{02EB95BA-07BE-441F-ADC7-3363AC17814C}.Debug|Any CPU.ActiveCfg = Debug|Any CPU
		{02EB95BA-07BE-441F-ADC7-3363AC17814C}.Release|Any CPU.ActiveCfg = Release|Any CPU
		{4687771E-6F0E-40C8-8C0A-DEDC20260604}.Debug|Any CPU.ActiveCfg = Debug|Any CPU
		{4687771E-6F0E-40C8-8C0A-DEDC20260604}.Debug|Any CPU.Build.0 = Debug|Any CPU
		{4687771E-6F0E-40C8-8C0A-DEDC20260604}.Release|Any CPU.ActiveCfg = Release|Any CPU
		{4687771E-6F0E-40C8-8C0A-DEDC20260604}.Release|Any CPU.Build.0 = Release|Any CPU
		{3F7DDD23-5DED-4008-B637-F618DE9AD1F1}.Debug|Any CPU.ActiveCfg = Debug|Any CPU
		{3F7DDD23-5DED-4008-B637-F618DE9AD1F1}.Debug|Any CPU.Build.0 = Debug|Any CPU
		{3F7DDD23-5DED-4008-B637-F618DE9AD1F1}.Release|Any CPU.ActiveCfg = Release|Any CPU
		{3F7DDD23-5DED-4008-B637-F618DE9AD1F1}.Release|Any CPU.Build.0 = Release|Any CPU
		{A815C965-84FF-4880-800E-CCFEEF017A41}.Debug|Any CPU.ActiveCfg = Debug|Any CPU
		{A815C965-84FF-4880-800E-CCFEEF017A41}.Debug|Any CPU.Build.0 = Debug|Any CPU
		{A815C965-84FF-4880-800E-CCFEEF017A41}.Release|Any CPU.ActiveCfg = Release|Any CPU
		{A815C965-84FF-4880-800E-CCFEEF017A41}.Release|Any CPU.Build.0 = Release|Any CPU
		{074BB6B0-2E06-4F36-8C2A-F9C374B63F35}.Debug|Any CPU.ActiveCfg = Debug|Any CPU
		{074BB6B0-2E06-4F36-8C2A-F9C374B63F35}.Debug|Any CPU.Build.0 = Debug|Any CPU
		{074BB6B0-2E06-4F36-8C2A-F9C374B63F35}.Release|Any CPU.ActiveCfg = Release|Any CPU
		{074BB6B0-2E06-4F36-8C2A-F9C374B63F35}.Release|Any CPU.Build.0 = Release|Any CPU
		{5424651E-ACDD-4C7F-BE70-819A89308152}.Debug|Any CPU.ActiveCfg = Debug|Any CPU
		{5424651E-ACDD-4C7F-BE70-819A89308152}.Debug|Any CPU.Build.0 = Debug|Any CPU
		{5424651E-ACDD-4C7F-BE70-819A89308152}.Release|Any CPU.ActiveCfg = Release|Any CPU
		{5424651E-ACDD-4C7F-BE70-819A89308152}.Release|Any CPU.Build.0 = Release|Any CPU
		{84500D7A-8C0E-4A55-B1CA-AB67D159F8C9}.Debug|Any CPU.ActiveCfg = Debug|Any CPU
		{84500D7A-8C0E-4A55-B1CA-AB67D159F8C9}.Debug|Any CPU.Build.0 = Debug|Any CPU
		{84500D7A-8C0E-4A55-B1CA-AB67D159F8C9}.Release|Any CPU.ActiveCfg = Release|Any CPU
		{84500D7A-8C0E-4A55-B1CA-AB67D159F8C9}.Release|Any CPU.Build.0 = Release|Any CPU
		{61B4DBCC-2F85-4F8F-9DF9-E5A4EC17334B}.Debug|Any CPU.ActiveCfg = Debug|Any CPU
		{61B4DBCC-2F85-4F8F-9DF9-E5A4EC17334B}.Debug|Any CPU.Build.0 = Debug|Any CPU
		{61B4DBCC-2F85-4F8F-9DF9-E5A4EC17334B}.Release|Any CPU.ActiveCfg = Release|Any CPU
		{61B4DBCC-2F85-4F8F-9DF9-E5A4EC17334B}.Release|Any CPU.Build.0 = Release|Any CPU
		{F8FBA4A0-84A7-4502-A1A9-02C7F1464EA9}.Debug|Any CPU.ActiveCfg = Debug|Any CPU
		{F8FBA4A0-84A7-4502-A1A9-02C7F1464EA9}.Debug|Any CPU.Build.0 = Debug|Any CPU
		{F8FBA4A0-84A7-4502-A1A9-02C7F1464EA9}.Release|Any CPU.ActiveCfg = Release|Any CPU
		{F8FBA4A0-84A7-4502-A1A9-02C7F1464EA9}.Release|Any CPU.Build.0 = Release|Any CPU
		{8B8FA74D-FF25-42E0-9191-7C2E4112B714}.Debug|Any CPU.ActiveCfg = Debug|Any CPU
		{8B8FA74D-FF25-42E0-9191-7C2E4112B714}.Debug|Any CPU.Build.0 = Debug|Any CPU
		{8B8FA74D-FF25-42E0-9191-7C2E4112B714}.Release|Any CPU.ActiveCfg = Release|Any CPU
		{8B8FA74D-FF25-42E0-9191-7C2E4112B714}.Release|Any CPU.Build.0 = Release|Any CPU
		{9943E5E7-1FB9-4BF5-899A-034B008E13C8}.Debug|Any CPU.ActiveCfg = Debug|Any CPU
		{9943E5E7-1FB9-4BF5-899A-034B008E13C8}.Debug|Any CPU.Build.0 = Debug|Any CPU
		{9943E5E7-1FB9-4BF5-899A-034B008E13C8}.Release|Any CPU.ActiveCfg = Release|Any CPU
		{9943E5E7-1FB9-4BF5-899A-034B008E13C8}.Release|Any CPU.Build.0 = Release|Any CPU
		{2DB88965-B346-40AB-BDFD-928F9AF4C935}.Debug|Any CPU.ActiveCfg = Debug|Any CPU
		{2DB88965-B346-40AB-BDFD-928F9AF4C935}.Debug|Any CPU.Build.0 = Debug|Any CPU
		{2DB88965-B346-40AB-BDFD-928F9AF4C935}.Release|Any CPU.ActiveCfg = Release|Any CPU
		{2DB88965-B346-40AB-BDFD-928F9AF4C935}.Release|Any CPU.Build.0 = Release|Any CPU
		{BF7FE66B-6631-4530-A02E-90C8166F155B}.Debug|Any CPU.ActiveCfg = Debug|Any CPU
		{BF7FE66B-6631-4530-A02E-90C8166F155B}.Debug|Any CPU.Build.0 = Debug|Any CPU
		{BF7FE66B-6631-4530-A02E-90C8166F155B}.Release|Any CPU.ActiveCfg = Release|Any CPU
		{BF7FE66B-6631-4530-A02E-90C8166F155B}.Release|Any CPU.Build.0 = Release|Any CPU
		{BA8F9211-0427-4A3C-8F86-124B7CE4AECA}.Debug|Any CPU.ActiveCfg = Debug|Any CPU
		{BA8F9211-0427-4A3C-8F86-124B7CE4AECA}.Debug|Any CPU.Build.0 = Debug|Any CPU
		{BA8F9211-0427-4A3C-8F86-124B7CE4AECA}.Release|Any CPU.ActiveCfg = Release|Any CPU
		{BA8F9211-0427-4A3C-8F86-124B7CE4AECA}.Release|Any CPU.Build.0 = Release|Any CPU
		{A4A4DBC3-7B96-46E9-8397-000038B2CB4F}.Debug|Any CPU.ActiveCfg = Debug|Any CPU
		{A4A4DBC3-7B96-46E9-8397-000038B2CB4F}.Debug|Any CPU.Build.0 = Debug|Any CPU
		{A4A4DBC3-7B96-46E9-8397-000038B2CB4F}.Release|Any CPU.ActiveCfg = Release|Any CPU
		{A4A4DBC3-7B96-46E9-8397-000038B2CB4F}.Release|Any CPU.Build.0 = Release|Any CPU
		{B025B02B-B0A0-4467-A3B2-786D32622DD3}.Debug|Any CPU.ActiveCfg = Debug|Any CPU
		{B025B02B-B0A0-4467-A3B2-786D32622DD3}.Debug|Any CPU.Build.0 = Debug|Any CPU
		{B025B02B-B0A0-4467-A3B2-786D32622DD3}.Release|Any CPU.ActiveCfg = Release|Any CPU
		{B025B02B-B0A0-4467-A3B2-786D32622DD3}.Release|Any CPU.Build.0 = Release|Any CPU
		{7E7EBA16-07F8-4F04-A0E0-803F6222FF98}.Debug|Any CPU.ActiveCfg = Debug|Any CPU
		{7E7EBA16-07F8-4F04-A0E0-803F6222FF98}.Debug|Any CPU.Build.0 = Debug|Any CPU
		{7E7EBA16-07F8-4F04-A0E0-803F6222FF98}.Release|Any CPU.ActiveCfg = Release|Any CPU
		{7E7EBA16-07F8-4F04-A0E0-803F6222FF98}.Release|Any CPU.Build.0 = Release|Any CPU
		{6CE247F4-76B9-4CD4-BA7A-341548A717F6}.Debug|Any CPU.ActiveCfg = Debug|Any CPU
		{6CE247F4-76B9-4CD4-BA7A-341548A717F6}.Debug|Any CPU.Build.0 = Debug|Any CPU
		{6CE247F4-76B9-4CD4-BA7A-341548A717F6}.Release|Any CPU.ActiveCfg = Release|Any CPU
		{6CE247F4-76B9-4CD4-BA7A-341548A717F6}.Release|Any CPU.Build.0 = Release|Any CPU
		{B4AF92DA-D4F4-45AF-BC8D-C45DE6348BE5}.Debug|Any CPU.ActiveCfg = Debug|Any CPU
		{B4AF92DA-D4F4-45AF-BC8D-C45DE6348BE5}.Debug|Any CPU.Build.0 = Debug|Any CPU
		{B4AF92DA-D4F4-45AF-BC8D-C45DE6348BE5}.Release|Any CPU.ActiveCfg = Release|Any CPU
		{B4AF92DA-D4F4-45AF-BC8D-C45DE6348BE5}.Release|Any CPU.Build.0 = Release|Any CPU
		{AA55240A-F447-43F8-9E0E-1B2D29C2C918}.Debug|Any CPU.ActiveCfg = Debug|Any CPU
		{AA55240A-F447-43F8-9E0E-1B2D29C2C918}.Debug|Any CPU.Build.0 = Debug|Any CPU
		{AA55240A-F447-43F8-9E0E-1B2D29C2C918}.Release|Any CPU.ActiveCfg = Release|Any CPU
		{AA55240A-F447-43F8-9E0E-1B2D29C2C918}.Release|Any CPU.Build.0 = Release|Any CPU
		{3D6B25D4-1358-4043-9B94-0E9EB27DF9C5}.Debug|Any CPU.ActiveCfg = Debug|Any CPU
		{3D6B25D4-1358-4043-9B94-0E9EB27DF9C5}.Debug|Any CPU.Build.0 = Debug|Any CPU
		{3D6B25D4-1358-4043-9B94-0E9EB27DF9C5}.Release|Any CPU.ActiveCfg = Release|Any CPU
		{3D6B25D4-1358-4043-9B94-0E9EB27DF9C5}.Release|Any CPU.Build.0 = Release|Any CPU
		{BDE7FA2F-732E-4AC7-B50B-D330434D42C0}.Debug|Any CPU.ActiveCfg = Debug|Any CPU
		{BDE7FA2F-732E-4AC7-B50B-D330434D42C0}.Debug|Any CPU.Build.0 = Debug|Any CPU
		{BDE7FA2F-732E-4AC7-B50B-D330434D42C0}.Release|Any CPU.ActiveCfg = Release|Any CPU
		{BDE7FA2F-732E-4AC7-B50B-D330434D42C0}.Release|Any CPU.Build.0 = Release|Any CPU
		{4F0D9652-96FB-4BD2-B40A-CED6EE2EB507}.Debug|Any CPU.ActiveCfg = Debug|Any CPU
		{4F0D9652-96FB-4BD2-B40A-CED6EE2EB507}.Debug|Any CPU.Build.0 = Debug|Any CPU
		{4F0D9652-96FB-4BD2-B40A-CED6EE2EB507}.Release|Any CPU.ActiveCfg = Release|Any CPU
		{4F0D9652-96FB-4BD2-B40A-CED6EE2EB507}.Release|Any CPU.Build.0 = Release|Any CPU
		{2B60142B-B9D6-4843-A8DB-DF148B2B5670}.Debug|Any CPU.ActiveCfg = Debug|Any CPU
		{2B60142B-B9D6-4843-A8DB-DF148B2B5670}.Debug|Any CPU.Build.0 = Debug|Any CPU
		{2B60142B-B9D6-4843-A8DB-DF148B2B5670}.Release|Any CPU.ActiveCfg = Release|Any CPU
		{2B60142B-B9D6-4843-A8DB-DF148B2B5670}.Release|Any CPU.Build.0 = Release|Any CPU
		{F458B646-D28E-41FD-ACB1-15FB267C4CD2}.Debug|Any CPU.ActiveCfg = Debug|Any CPU
		{F458B646-D28E-41FD-ACB1-15FB267C4CD2}.Debug|Any CPU.Build.0 = Debug|Any CPU
		{F458B646-D28E-41FD-ACB1-15FB267C4CD2}.Release|Any CPU.ActiveCfg = Release|Any CPU
		{F458B646-D28E-41FD-ACB1-15FB267C4CD2}.Release|Any CPU.Build.0 = Release|Any CPU
		{FD4A5D95-4752-472A-914B-F44C907C5F81}.Debug|Any CPU.ActiveCfg = Debug|Any CPU
		{FD4A5D95-4752-472A-914B-F44C907C5F81}.Debug|Any CPU.Build.0 = Debug|Any CPU
		{FD4A5D95-4752-472A-914B-F44C907C5F81}.Release|Any CPU.ActiveCfg = Release|Any CPU
		{FD4A5D95-4752-472A-914B-F44C907C5F81}.Release|Any CPU.Build.0 = Release|Any CPU
		{007E2B41-126E-4E9F-8FF5-5766B39BFFE9}.Debug|Any CPU.ActiveCfg = Debug|Any CPU
		{007E2B41-126E-4E9F-8FF5-5766B39BFFE9}.Debug|Any CPU.Build.0 = Debug|Any CPU
		{007E2B41-126E-4E9F-8FF5-5766B39BFFE9}.Release|Any CPU.ActiveCfg = Release|Any CPU
		{007E2B41-126E-4E9F-8FF5-5766B39BFFE9}.Release|Any CPU.Build.0 = Release|Any CPU
		{FB495C0A-C1EE-4711-8817-E26077B55E54}.Debug|Any CPU.ActiveCfg = Debug|Any CPU
		{FB495C0A-C1EE-4711-8817-E26077B55E54}.Debug|Any CPU.Build.0 = Debug|Any CPU
		{FB495C0A-C1EE-4711-8817-E26077B55E54}.Release|Any CPU.ActiveCfg = Release|Any CPU
		{FB495C0A-C1EE-4711-8817-E26077B55E54}.Release|Any CPU.Build.0 = Release|Any CPU
		{CEEF8F31-BA53-41E8-969F-7816C1D807C5}.Debug|Any CPU.ActiveCfg = Debug|Any CPU
		{CEEF8F31-BA53-41E8-969F-7816C1D807C5}.Debug|Any CPU.Build.0 = Debug|Any CPU
		{CEEF8F31-BA53-41E8-969F-7816C1D807C5}.Release|Any CPU.ActiveCfg = Release|Any CPU
		{CEEF8F31-BA53-41E8-969F-7816C1D807C5}.Release|Any CPU.Build.0 = Release|Any CPU
		{3E67511E-8554-4ADE-8C5F-5322C61197F9}.Debug|Any CPU.ActiveCfg = Debug|Any CPU
		{3E67511E-8554-4ADE-8C5F-5322C61197F9}.Debug|Any CPU.Build.0 = Debug|Any CPU
		{3E67511E-8554-4ADE-8C5F-5322C61197F9}.Release|Any CPU.ActiveCfg = Release|Any CPU
		{3E67511E-8554-4ADE-8C5F-5322C61197F9}.Release|Any CPU.Build.0 = Release|Any CPU
		{2D77D6A4-E105-46A4-A7C4-AEDEABD09B57}.Debug|Any CPU.ActiveCfg = Debug|Any CPU
		{2D77D6A4-E105-46A4-A7C4-AEDEABD09B57}.Debug|Any CPU.Build.0 = Debug|Any CPU
		{2D77D6A4-E105-46A4-A7C4-AEDEABD09B57}.Release|Any CPU.ActiveCfg = Release|Any CPU
		{2D77D6A4-E105-46A4-A7C4-AEDEABD09B57}.Release|Any CPU.Build.0 = Release|Any CPU
		{41795D90-8921-49AF-AF0D-CF4191F6D098}.Debug|Any CPU.ActiveCfg = Debug|Any CPU
		{41795D90-8921-49AF-AF0D-CF4191F6D098}.Debug|Any CPU.Build.0 = Debug|Any CPU
		{41795D90-8921-49AF-AF0D-CF4191F6D098}.Release|Any CPU.ActiveCfg = Release|Any CPU
		{41795D90-8921-49AF-AF0D-CF4191F6D098}.Release|Any CPU.Build.0 = Release|Any CPU
		{1F40FBE3-F1E5-4A69-A3CB-0F0ECF0D43D9}.Debug|Any CPU.ActiveCfg = Debug|Any CPU
		{1F40FBE3-F1E5-4A69-A3CB-0F0ECF0D43D9}.Debug|Any CPU.Build.0 = Debug|Any CPU
		{1F40FBE3-F1E5-4A69-A3CB-0F0ECF0D43D9}.Release|Any CPU.ActiveCfg = Release|Any CPU
		{1F40FBE3-F1E5-4A69-A3CB-0F0ECF0D43D9}.Release|Any CPU.Build.0 = Release|Any CPU
		{9293B5B8-C4AD-4124-8962-79202417148E}.Debug|Any CPU.ActiveCfg = Debug|Any CPU
		{9293B5B8-C4AD-4124-8962-79202417148E}.Debug|Any CPU.Build.0 = Debug|Any CPU
		{9293B5B8-C4AD-4124-8962-79202417148E}.Release|Any CPU.ActiveCfg = Release|Any CPU
		{9293B5B8-C4AD-4124-8962-79202417148E}.Release|Any CPU.Build.0 = Release|Any CPU
		{46F17928-17FD-478A-9D53-0300824BBBD9}.Debug|Any CPU.ActiveCfg = Debug|Any CPU
		{46F17928-17FD-478A-9D53-0300824BBBD9}.Debug|Any CPU.Build.0 = Debug|Any CPU
		{46F17928-17FD-478A-9D53-0300824BBBD9}.Release|Any CPU.ActiveCfg = Release|Any CPU
		{46F17928-17FD-478A-9D53-0300824BBBD9}.Release|Any CPU.Build.0 = Release|Any CPU
		{F67BD1DC-64E3-4558-979C-4A202EFF49A1}.Debug|Any CPU.ActiveCfg = Debug|Any CPU
		{F67BD1DC-64E3-4558-979C-4A202EFF49A1}.Debug|Any CPU.Build.0 = Debug|Any CPU
		{F67BD1DC-64E3-4558-979C-4A202EFF49A1}.Release|Any CPU.ActiveCfg = Release|Any CPU
		{F67BD1DC-64E3-4558-979C-4A202EFF49A1}.Release|Any CPU.Build.0 = Release|Any CPU
		{5A1DEACE-E03B-4CFB-93D6-875B63B6CE34}.Debug|Any CPU.ActiveCfg = Debug|Any CPU
		{5A1DEACE-E03B-4CFB-93D6-875B63B6CE34}.Debug|Any CPU.Build.0 = Debug|Any CPU
		{5A1DEACE-E03B-4CFB-93D6-875B63B6CE34}.Release|Any CPU.ActiveCfg = Release|Any CPU
		{5A1DEACE-E03B-4CFB-93D6-875B63B6CE34}.Release|Any CPU.Build.0 = Release|Any CPU
		{4937AED7-4F7A-4B5A-A36B-298FD4D03E63}.Debug|Any CPU.ActiveCfg = Debug|Any CPU
		{4937AED7-4F7A-4B5A-A36B-298FD4D03E63}.Debug|Any CPU.Build.0 = Debug|Any CPU
		{4937AED7-4F7A-4B5A-A36B-298FD4D03E63}.Release|Any CPU.ActiveCfg = Release|Any CPU
		{4937AED7-4F7A-4B5A-A36B-298FD4D03E63}.Release|Any CPU.Build.0 = Release|Any CPU
		{0E9A6907-8B18-4537-B121-12F4F322F9B7}.Debug|Any CPU.ActiveCfg = Debug|Any CPU
		{0E9A6907-8B18-4537-B121-12F4F322F9B7}.Debug|Any CPU.Build.0 = Debug|Any CPU
		{0E9A6907-8B18-4537-B121-12F4F322F9B7}.Release|Any CPU.ActiveCfg = Release|Any CPU
		{0E9A6907-8B18-4537-B121-12F4F322F9B7}.Release|Any CPU.Build.0 = Release|Any CPU
		{C029FA1D-1FAE-4E21-A21F-48DBB2286BB1}.Debug|Any CPU.ActiveCfg = Debug|Any CPU
		{C029FA1D-1FAE-4E21-A21F-48DBB2286BB1}.Debug|Any CPU.Build.0 = Debug|Any CPU
		{C029FA1D-1FAE-4E21-A21F-48DBB2286BB1}.Release|Any CPU.ActiveCfg = Release|Any CPU
		{C029FA1D-1FAE-4E21-A21F-48DBB2286BB1}.Release|Any CPU.Build.0 = Release|Any CPU
		{3D078D4E-0437-4AD1-90DE-1FD858DA595B}.Debug|Any CPU.ActiveCfg = Debug|Any CPU
		{3D078D4E-0437-4AD1-90DE-1FD858DA595B}.Debug|Any CPU.Build.0 = Debug|Any CPU
		{3D078D4E-0437-4AD1-90DE-1FD858DA595B}.Release|Any CPU.ActiveCfg = Release|Any CPU
		{3D078D4E-0437-4AD1-90DE-1FD858DA595B}.Release|Any CPU.Build.0 = Release|Any CPU
		{74B31A58-28CB-4B90-B2A4-C64F339FC93D}.Debug|Any CPU.ActiveCfg = Debug|Any CPU
		{74B31A58-28CB-4B90-B2A4-C64F339FC93D}.Debug|Any CPU.Build.0 = Debug|Any CPU
		{74B31A58-28CB-4B90-B2A4-C64F339FC93D}.Release|Any CPU.ActiveCfg = Release|Any CPU
		{74B31A58-28CB-4B90-B2A4-C64F339FC93D}.Release|Any CPU.Build.0 = Release|Any CPU
		{30E75E1A-146F-422E-8C14-3AE0F7FB99B1}.Debug|Any CPU.ActiveCfg = Debug|Any CPU
		{30E75E1A-146F-422E-8C14-3AE0F7FB99B1}.Debug|Any CPU.Build.0 = Debug|Any CPU
		{30E75E1A-146F-422E-8C14-3AE0F7FB99B1}.Release|Any CPU.ActiveCfg = Release|Any CPU
		{30E75E1A-146F-422E-8C14-3AE0F7FB99B1}.Release|Any CPU.Build.0 = Release|Any CPU
		{5D68956E-580F-4A2A-B13F-1477E6DE6FCF}.Debug|Any CPU.ActiveCfg = Debug|Any CPU
		{5D68956E-580F-4A2A-B13F-1477E6DE6FCF}.Debug|Any CPU.Build.0 = Debug|Any CPU
		{5D68956E-580F-4A2A-B13F-1477E6DE6FCF}.Release|Any CPU.ActiveCfg = Release|Any CPU
		{5D68956E-580F-4A2A-B13F-1477E6DE6FCF}.Release|Any CPU.Build.0 = Release|Any CPU
		{2E43D7C0-8135-4AD6-A081-069667ABA573}.Debug|Any CPU.ActiveCfg = Debug|Any CPU
		{2E43D7C0-8135-4AD6-A081-069667ABA573}.Debug|Any CPU.Build.0 = Debug|Any CPU
		{2E43D7C0-8135-4AD6-A081-069667ABA573}.Release|Any CPU.ActiveCfg = Release|Any CPU
		{2E43D7C0-8135-4AD6-A081-069667ABA573}.Release|Any CPU.Build.0 = Release|Any CPU
		{3B1E60AF-5B5C-4BED-8AAF-79167CF5E2C0}.Debug|Any CPU.ActiveCfg = Debug|Any CPU
		{3B1E60AF-5B5C-4BED-8AAF-79167CF5E2C0}.Debug|Any CPU.Build.0 = Debug|Any CPU
		{3B1E60AF-5B5C-4BED-8AAF-79167CF5E2C0}.Release|Any CPU.ActiveCfg = Release|Any CPU
		{3B1E60AF-5B5C-4BED-8AAF-79167CF5E2C0}.Release|Any CPU.Build.0 = Release|Any CPU
	EndGlobalSection
	GlobalSection(SolutionProperties) = preSolution
		HideSolutionNode = FALSE
	EndGlobalSection
	GlobalSection(NestedProjects) = preSolution
		{D0A3F2FC-664B-4A9D-ACF9-F00EF8E9DFE1} = {2A7105AA-05B6-469A-93F5-719723A4D90D}
		{606AB477-7D63-48EB-814C-46DFE03CB6DE} = {D0A3F2FC-664B-4A9D-ACF9-F00EF8E9DFE1}
		{D913C0D3-85B9-4E89-82D6-8371FB6C99E7} = {2A7105AA-05B6-469A-93F5-719723A4D90D}
		{09FCE791-BA8C-4E6A-9B40-673AA095BA63} = {D913C0D3-85B9-4E89-82D6-8371FB6C99E7}
		{725C6F3A-7BD1-45CB-BFB1-61205DF77A57} = {2A7105AA-05B6-469A-93F5-719723A4D90D}
		{CDFDCA4A-A0D4-442D-AF94-5FEC0A8DA426} = {725C6F3A-7BD1-45CB-BFB1-61205DF77A57}
		{B4F3B9F5-8B67-4970-B47C-28800245EBC2} = {725C6F3A-7BD1-45CB-BFB1-61205DF77A57}
		{5E8DD138-4501-40C4-9D54-9B68C1B580D3} = {2A7105AA-05B6-469A-93F5-719723A4D90D}
		{EB431027-75E0-4FAE-A52E-74E3692D3C3C} = {D913C0D3-85B9-4E89-82D6-8371FB6C99E7}
		{6D44FA39-9E85-4A23-B627-AA4223F9DB8B} = {D913C0D3-85B9-4E89-82D6-8371FB6C99E7}
		{FADEB579-B16F-4C44-B82D-1ECEC5884E51} = {2A7105AA-05B6-469A-93F5-719723A4D90D}
		{6CDB212D-7BC6-4C3F-A878-B438F6C2ED67} = {FADEB579-B16F-4C44-B82D-1ECEC5884E51}
		{E3663C3B-6BD5-4FC4-8799-3265C8423530} = {FADEB579-B16F-4C44-B82D-1ECEC5884E51}
		{B1EF7907-7C14-49DC-9DE9-A8A9E09766B3} = {FADEB579-B16F-4C44-B82D-1ECEC5884E51}
		{F821FFB3-C266-4FC7-8618-3B047011D6E5} = {FADEB579-B16F-4C44-B82D-1ECEC5884E51}
		{592C82FA-C70A-498A-8901-4E808F42FA1D} = {FADEB579-B16F-4C44-B82D-1ECEC5884E51}
		{22866C99-FA70-4C8B-B741-9E547D9A95CF} = {B1EF7907-7C14-49DC-9DE9-A8A9E09766B3}
		{3426447F-61CA-4F72-8245-39773106A2B7} = {F821FFB3-C266-4FC7-8618-3B047011D6E5}
		{F5F68BC3-5A7C-47CD-86D5-2E6F7BB264A6} = {592C82FA-C70A-498A-8901-4E808F42FA1D}
		{FE589318-83FA-4705-A19A-B7CDBA97E1FB} = {9A3F55B8-E867-4EA2-B1FA-0C01DE79463E}
		{354E69EA-9EA1-4F7E-A3C2-372DFB259C35} = {2A7105AA-05B6-469A-93F5-719723A4D90D}
		{78108EE7-4A12-4F93-B01E-DF893B4ECC3B} = {354E69EA-9EA1-4F7E-A3C2-372DFB259C35}
		{6DC31DC0-6CA9-434D-B0E9-A7530243CFA7} = {354E69EA-9EA1-4F7E-A3C2-372DFB259C35}
		{D8BCE40C-C50E-417B-9D22-FB0156B4A5AB} = {9A3F55B8-E867-4EA2-B1FA-0C01DE79463E}
		{99FFD9AA-7AEB-4A9D-881D-00B7277C3494} = {2A7105AA-05B6-469A-93F5-719723A4D90D}
		{C0BB093E-AFAC-4757-8D91-5A1556FF8E71} = {2A7105AA-05B6-469A-93F5-719723A4D90D}
		{C7F8E3EB-898A-4524-A758-6FEE281DFB9B} = {C0BB093E-AFAC-4757-8D91-5A1556FF8E71}
		{03BA91FE-63EB-4BCC-BC62-3FA637B82FF4} = {9A3F55B8-E867-4EA2-B1FA-0C01DE79463E}
		{E20A8191-0AAB-41B3-9099-5F8F5D6648DB} = {2A7105AA-05B6-469A-93F5-719723A4D90D}
		{D2AE77DF-C207-47B3-ACE6-3E975A5AF40B} = {E20A8191-0AAB-41B3-9099-5F8F5D6648DB}
		{AF351D4F-8E2A-480E-B26F-920D603C20A3} = {E20A8191-0AAB-41B3-9099-5F8F5D6648DB}
		{30EF6792-1BFB-4525-BE76-C30A740D3B0B} = {E20A8191-0AAB-41B3-9099-5F8F5D6648DB}
		{A35A17E3-623C-478F-8795-7F23B8DA5E26} = {2A7105AA-05B6-469A-93F5-719723A4D90D}
		{D990511C-2FA4-4A6F-9CA3-49FDDC48F037} = {A35A17E3-623C-478F-8795-7F23B8DA5E26}
		{B485D7EE-B71A-41DE-9518-60F9B7FA8AE4} = {2A7105AA-05B6-469A-93F5-719723A4D90D}
		{F6BB6ACA-CB30-4F2B-9E1B-7A27EFEC9B07} = {B485D7EE-B71A-41DE-9518-60F9B7FA8AE4}
		{2E2CC64B-50DB-480E-9BB8-0F1C7C511534} = {B485D7EE-B71A-41DE-9518-60F9B7FA8AE4}
		{B2DCBCA8-4CC4-4286-ABF3-C88CFBBA500B} = {2A7105AA-05B6-469A-93F5-719723A4D90D}
		{A3A32F0D-2344-40FE-BF1F-EF3146BB6B14} = {B2DCBCA8-4CC4-4286-ABF3-C88CFBBA500B}
		{63937BBB-9B68-4841-BD22-72C3C723953E} = {354E69EA-9EA1-4F7E-A3C2-372DFB259C35}
		{AEF54AE0-F2A6-4EEE-9E69-D82E31AACB4C} = {B485D7EE-B71A-41DE-9518-60F9B7FA8AE4}
		{A87B05E2-A506-4A0E-BF89-D34D67462441} = {9A3F55B8-E867-4EA2-B1FA-0C01DE79463E}
		{44D2EC83-4BC6-4C69-88BF-924A3FCAA1F6} = {354E69EA-9EA1-4F7E-A3C2-372DFB259C35}
		{B022D220-EEE7-4FBC-A7D5-FC00F16C1A36} = {354E69EA-9EA1-4F7E-A3C2-372DFB259C35}
		{C57A6AD0-A0AB-45F3-BC32-58E469CACC15} = {D913C0D3-85B9-4E89-82D6-8371FB6C99E7}
		{02EB95BA-07BE-441F-ADC7-3363AC17814C} = {DB7A40EE-F469-4B87-A629-250BBB9ECC92}
		{20FCFF4D-882F-4663-81F4-A146D17B62A0} = {2A7105AA-05B6-469A-93F5-719723A4D90D}
		{4687771E-6F0E-40C8-8C0A-DEDC20260604} = {20FCFF4D-882F-4663-81F4-A146D17B62A0}
		{3F7DDD23-5DED-4008-B637-F618DE9AD1F1} = {F821FFB3-C266-4FC7-8618-3B047011D6E5}
		{A815C965-84FF-4880-800E-CCFEEF017A41} = {9A3F55B8-E867-4EA2-B1FA-0C01DE79463E}
		{FBC32DFA-90EB-442F-834D-4F6ADA7E9DE5} = {FADEB579-B16F-4C44-B82D-1ECEC5884E51}
		{074BB6B0-2E06-4F36-8C2A-F9C374B63F35} = {FBC32DFA-90EB-442F-834D-4F6ADA7E9DE5}
		{5424651E-ACDD-4C7F-BE70-819A89308152} = {72E179CA-7AE6-412A-856D-7BD13838E8E3}
		{84500D7A-8C0E-4A55-B1CA-AB67D159F8C9} = {72E179CA-7AE6-412A-856D-7BD13838E8E3}
		{61B4DBCC-2F85-4F8F-9DF9-E5A4EC17334B} = {72E179CA-7AE6-412A-856D-7BD13838E8E3}
		{7B596434-1314-49F9-B31C-F09D9CC288E0} = {2A7105AA-05B6-469A-93F5-719723A4D90D}
		{F8FBA4A0-84A7-4502-A1A9-02C7F1464EA9} = {7B596434-1314-49F9-B31C-F09D9CC288E0}
		{8B8FA74D-FF25-42E0-9191-7C2E4112B714} = {7B596434-1314-49F9-B31C-F09D9CC288E0}
		{9943E5E7-1FB9-4BF5-899A-034B008E13C8} = {72E179CA-7AE6-412A-856D-7BD13838E8E3}
		{2DB88965-B346-40AB-BDFD-928F9AF4C935} = {9A3F55B8-E867-4EA2-B1FA-0C01DE79463E}
		{BF7FE66B-6631-4530-A02E-90C8166F155B} = {7B596434-1314-49F9-B31C-F09D9CC288E0}
		{BA8F9211-0427-4A3C-8F86-124B7CE4AECA} = {72E179CA-7AE6-412A-856D-7BD13838E8E3}
		{A4A4DBC3-7B96-46E9-8397-000038B2CB4F} = {9A3F55B8-E867-4EA2-B1FA-0C01DE79463E}
		{B025B02B-B0A0-4467-A3B2-786D32622DD3} = {5E8DD138-4501-40C4-9D54-9B68C1B580D3}
		{7E7EBA16-07F8-4F04-A0E0-803F6222FF98} = {5E8DD138-4501-40C4-9D54-9B68C1B580D3}
		{6CE247F4-76B9-4CD4-BA7A-341548A717F6} = {9A3F55B8-E867-4EA2-B1FA-0C01DE79463E}
		{B4AF92DA-D4F4-45AF-BC8D-C45DE6348BE5} = {72E179CA-7AE6-412A-856D-7BD13838E8E3}
		{AA55240A-F447-43F8-9E0E-1B2D29C2C918} = {72E179CA-7AE6-412A-856D-7BD13838E8E3}
		{3D6B25D4-1358-4043-9B94-0E9EB27DF9C5} = {B485D7EE-B71A-41DE-9518-60F9B7FA8AE4}
		{BDE7FA2F-732E-4AC7-B50B-D330434D42C0} = {9A3F55B8-E867-4EA2-B1FA-0C01DE79463E}
		{4F0D9652-96FB-4BD2-B40A-CED6EE2EB507} = {72E179CA-7AE6-412A-856D-7BD13838E8E3}
		{2B60142B-B9D6-4843-A8DB-DF148B2B5670} = {72E179CA-7AE6-412A-856D-7BD13838E8E3}
		{F458B646-D28E-41FD-ACB1-15FB267C4CD2} = {E3663C3B-6BD5-4FC4-8799-3265C8423530}
		{FD4A5D95-4752-472A-914B-F44C907C5F81} = {E3663C3B-6BD5-4FC4-8799-3265C8423530}
		{036E33EC-60A3-4C06-95DB-F98FFB7B2A46} = {2A7105AA-05B6-469A-93F5-719723A4D90D}
		{007E2B41-126E-4E9F-8FF5-5766B39BFFE9} = {036E33EC-60A3-4C06-95DB-F98FFB7B2A46}
		{FB495C0A-C1EE-4711-8817-E26077B55E54} = {9A3F55B8-E867-4EA2-B1FA-0C01DE79463E}
		{746BF851-4217-4CF8-835E-45257D95CDCB} = {2A7105AA-05B6-469A-93F5-719723A4D90D}
		{CEEF8F31-BA53-41E8-969F-7816C1D807C5} = {746BF851-4217-4CF8-835E-45257D95CDCB}
		{3E67511E-8554-4ADE-8C5F-5322C61197F9} = {746BF851-4217-4CF8-835E-45257D95CDCB}
		{2D77D6A4-E105-46A4-A7C4-AEDEABD09B57} = {9A3F55B8-E867-4EA2-B1FA-0C01DE79463E}
		{41795D90-8921-49AF-AF0D-CF4191F6D098} = {746BF851-4217-4CF8-835E-45257D95CDCB}
		{1F40FBE3-F1E5-4A69-A3CB-0F0ECF0D43D9} = {9A3F55B8-E867-4EA2-B1FA-0C01DE79463E}
		{9293B5B8-C4AD-4124-8962-79202417148E} = {746BF851-4217-4CF8-835E-45257D95CDCB}
		{46F17928-17FD-478A-9D53-0300824BBBD9} = {9A3F55B8-E867-4EA2-B1FA-0C01DE79463E}
		{F67BD1DC-64E3-4558-979C-4A202EFF49A1} = {746BF851-4217-4CF8-835E-45257D95CDCB}
		{5A1DEACE-E03B-4CFB-93D6-875B63B6CE34} = {9A3F55B8-E867-4EA2-B1FA-0C01DE79463E}
		{81853248-5F89-40DA-914B-E91E292A6D3F} = {2A7105AA-05B6-469A-93F5-719723A4D90D}
		{4937AED7-4F7A-4B5A-A36B-298FD4D03E63} = {81853248-5F89-40DA-914B-E91E292A6D3F}
		{0E9A6907-8B18-4537-B121-12F4F322F9B7} = {9A3F55B8-E867-4EA2-B1FA-0C01DE79463E}
		{C029FA1D-1FAE-4E21-A21F-48DBB2286BB1} = {9A3F55B8-E867-4EA2-B1FA-0C01DE79463E}
		{3D078D4E-0437-4AD1-90DE-1FD858DA595B} = {99FFD9AA-7AEB-4A9D-881D-00B7277C3494}
		{74B31A58-28CB-4B90-B2A4-C64F339FC93D} = {99FFD9AA-7AEB-4A9D-881D-00B7277C3494}
		{30E75E1A-146F-422E-8C14-3AE0F7FB99B1} = {99FFD9AA-7AEB-4A9D-881D-00B7277C3494}
		{5D68956E-580F-4A2A-B13F-1477E6DE6FCF} = {20FCFF4D-882F-4663-81F4-A146D17B62A0}
		{2E43D7C0-8135-4AD6-A081-069667ABA573} = {9A3F55B8-E867-4EA2-B1FA-0C01DE79463E}
		{F31389F0-613B-48B1-AA99-6BFC3D8D7D1A} = {2A7105AA-05B6-469A-93F5-719723A4D90D}
		{3B1E60AF-5B5C-4BED-8AAF-79167CF5E2C0} = {F31389F0-613B-48B1-AA99-6BFC3D8D7D1A}
	EndGlobalSection
	GlobalSection(ExtensibilityGlobals) = postSolution
		SolutionGuid = {EE24476B-9A4C-4146-B982-3461FAF8B3B0}
	EndGlobalSection
EndGlobal
